// !$*UTF8*$!
{
	archiveVersion = 1;
	classes = {
	};
	objectVersion = 46;
	objects = {

/* Begin PBXBuildFile section */
		380A1C381AE69E1800A573DE /* SkillsView.xib in Resources */ = {isa = PBXBuildFile; fileRef = 380A1C371AE69E1800A573DE /* SkillsView.xib */; };
		380CE38A1AE16115003921FA /* FutureView.xib in Resources */ = {isa = PBXBuildFile; fileRef = 380CE3891AE16115003921FA /* FutureView.xib */; };
		380CE38C1AE16285003921FA /* FutureView.swift in Sources */ = {isa = PBXBuildFile; fileRef = 380CE38B1AE16285003921FA /* FutureView.swift */; };
		38165C6D1AE08AE500E33EC7 /* ImportantBackgroundsView.xib in Resources */ = {isa = PBXBuildFile; fileRef = 38165C6C1AE08AE500E33EC7 /* ImportantBackgroundsView.xib */; };
		38165C6F1AE08C7400E33EC7 /* DefaultInformationView.swift in Sources */ = {isa = PBXBuildFile; fileRef = 38165C6E1AE08C7400E33EC7 /* DefaultInformationView.swift */; };
		3821DCC41ADFF01A00E1E6E3 /* HeaderView.swift in Sources */ = {isa = PBXBuildFile; fileRef = 3821DCC31ADFF01A00E1E6E3 /* HeaderView.swift */; };
		38291E5E1AE094240049F1B3 /* InterestsView.xib in Resources */ = {isa = PBXBuildFile; fileRef = 38291E5D1AE094240049F1B3 /* InterestsView.xib */; };
		388706231ADD506600B953CC /* AppDelegate.swift in Sources */ = {isa = PBXBuildFile; fileRef = 388706221ADD506600B953CC /* AppDelegate.swift */; };
		388706251ADD506600B953CC /* ViewController.swift in Sources */ = {isa = PBXBuildFile; fileRef = 388706241ADD506600B953CC /* ViewController.swift */; };
		388706281ADD506600B953CC /* Main.storyboard in Resources */ = {isa = PBXBuildFile; fileRef = 388706261ADD506600B953CC /* Main.storyboard */; };
		3887062A1ADD506600B953CC /* Images.xcassets in Resources */ = {isa = PBXBuildFile; fileRef = 388706291ADD506600B953CC /* Images.xcassets */; };
		388706391ADD506600B953CC /* WWDCScolarshipTests.swift in Sources */ = {isa = PBXBuildFile; fileRef = 388706381ADD506600B953CC /* WWDCScolarshipTests.swift */; };
		3892D5241ADD727300EA8578 /* DefaultAppView.swift in Sources */ = {isa = PBXBuildFile; fileRef = 3892D5231ADD727300EA8578 /* DefaultAppView.swift */; };
		3892D5261ADD728F00EA8578 /* VolkyAppView.xib in Resources */ = {isa = PBXBuildFile; fileRef = 3892D5251ADD728F00EA8578 /* VolkyAppView.xib */; };
		3892D5281ADD737A00EA8578 /* IdealBeerAppView.xib in Resources */ = {isa = PBXBuildFile; fileRef = 3892D5271ADD737A00EA8578 /* IdealBeerAppView.xib */; };
		3892D52A1ADD738500EA8578 /* AddictingBoxAppView.xib in Resources */ = {isa = PBXBuildFile; fileRef = 3892D5291ADD738500EA8578 /* AddictingBoxAppView.xib */; };
		3892D52C1ADD739400EA8578 /* WhadgetAppView.xib in Resources */ = {isa = PBXBuildFile; fileRef = 3892D52B1ADD739400EA8578 /* WhadgetAppView.xib */; };
		3892D52E1ADD739D00EA8578 /* IdoneAppView.xib in Resources */ = {isa = PBXBuildFile; fileRef = 3892D52D1ADD739D00EA8578 /* IdoneAppView.xib */; };
		3892D5311ADDA10300EA8578 /* Settings.swift in Sources */ = {isa = PBXBuildFile; fileRef = 3892D5301ADDA10300EA8578 /* Settings.swift */; };
		389DE0961AEC1D1000BACB29 /* profile_picture_5.JPG in Resources */ = {isa = PBXBuildFile; fileRef = 389DE0181AEC1D1000BACB29 /* profile_picture_5.JPG */; };
		389DE0971AEC1D1000BACB29 /* profile_picture_6.JPG in Resources */ = {isa = PBXBuildFile; fileRef = 389DE0191AEC1D1000BACB29 /* profile_picture_6.JPG */; };
		389DE0981AEC1D1000BACB29 /* profile_picture_7.JPG in Resources */ = {isa = PBXBuildFile; fileRef = 389DE01A1AEC1D1000BACB29 /* profile_picture_7.JPG */; };
		389DE0991AEC1D1000BACB29 /* profile_picture_8.JPG in Resources */ = {isa = PBXBuildFile; fileRef = 389DE01B1AEC1D1000BACB29 /* profile_picture_8.JPG */; };
		389DE09A1AEC1D1000BACB29 /* profile_picture_9.JPG in Resources */ = {isa = PBXBuildFile; fileRef = 389DE01C1AEC1D1000BACB29 /* profile_picture_9.JPG */; };
		389DE09B1AEC1D1000BACB29 /* profile_picture_10.JPG in Resources */ = {isa = PBXBuildFile; fileRef = 389DE01D1AEC1D1000BACB29 /* profile_picture_10.JPG */; };
		389DE09C1AEC1D1000BACB29 /* profile_picture_11.JPG in Resources */ = {isa = PBXBuildFile; fileRef = 389DE01E1AEC1D1000BACB29 /* profile_picture_11.JPG */; };
		389DE09D1AEC1D1000BACB29 /* profile_picture_12.JPG in Resources */ = {isa = PBXBuildFile; fileRef = 389DE01F1AEC1D1000BACB29 /* profile_picture_12.JPG */; };
		389DE09E1AEC1D1000BACB29 /* profile_picture_13.JPG in Resources */ = {isa = PBXBuildFile; fileRef = 389DE0201AEC1D1000BACB29 /* profile_picture_13.JPG */; };
		389DE09F1AEC1D1000BACB29 /* profile_picture_14.JPG in Resources */ = {isa = PBXBuildFile; fileRef = 389DE0211AEC1D1000BACB29 /* profile_picture_14.JPG */; };
		389DE0A01AEC1D1000BACB29 /* profile_picture_15.JPG in Resources */ = {isa = PBXBuildFile; fileRef = 389DE0221AEC1D1000BACB29 /* profile_picture_15.JPG */; };
		389DE0A11AEC1D1000BACB29 /* profile_picture_16.JPG in Resources */ = {isa = PBXBuildFile; fileRef = 389DE0231AEC1D1000BACB29 /* profile_picture_16.JPG */; };
		389DE0A21AEC1D1000BACB29 /* profile_picture_17.JPG in Resources */ = {isa = PBXBuildFile; fileRef = 389DE0241AEC1D1000BACB29 /* profile_picture_17.JPG */; };
		389DE0A31AEC1D1000BACB29 /* profile_picture_18.JPG in Resources */ = {isa = PBXBuildFile; fileRef = 389DE0251AEC1D1000BACB29 /* profile_picture_18.JPG */; };
		389DE0A41AEC1D1000BACB29 /* profile_picture_19.JPG in Resources */ = {isa = PBXBuildFile; fileRef = 389DE0261AEC1D1000BACB29 /* profile_picture_19.JPG */; };
		389DE0A51AEC1D1000BACB29 /* profile_picture_20.JPG in Resources */ = {isa = PBXBuildFile; fileRef = 389DE0271AEC1D1000BACB29 /* profile_picture_20.JPG */; };
		389DE0A61AEC1D1000BACB29 /* profile_picture_21.JPG in Resources */ = {isa = PBXBuildFile; fileRef = 389DE0281AEC1D1000BACB29 /* profile_picture_21.JPG */; };
		389DE0A71AEC1D1000BACB29 /* profile_picture_22.JPG in Resources */ = {isa = PBXBuildFile; fileRef = 389DE0291AEC1D1000BACB29 /* profile_picture_22.JPG */; };
		389DE0A81AEC1D1000BACB29 /* profile_picture_23.JPG in Resources */ = {isa = PBXBuildFile; fileRef = 389DE02A1AEC1D1000BACB29 /* profile_picture_23.JPG */; };
		389DE0A91AEC1D1000BACB29 /* profile_picture_24.JPG in Resources */ = {isa = PBXBuildFile; fileRef = 389DE02B1AEC1D1000BACB29 /* profile_picture_24.JPG */; };
		389DE0AA1AEC1D1000BACB29 /* profile_picture_25.JPG in Resources */ = {isa = PBXBuildFile; fileRef = 389DE02C1AEC1D1000BACB29 /* profile_picture_25.JPG */; };
		389DE0AB1AEC1D1000BACB29 /* profile_picture_26.JPG in Resources */ = {isa = PBXBuildFile; fileRef = 389DE02D1AEC1D1000BACB29 /* profile_picture_26.JPG */; };
		389DE0AC1AEC1D1000BACB29 /* profile_picture_27.JPG in Resources */ = {isa = PBXBuildFile; fileRef = 389DE02E1AEC1D1000BACB29 /* profile_picture_27.JPG */; };
		389DE0AD1AEC1D1000BACB29 /* profile_picture_28.JPG in Resources */ = {isa = PBXBuildFile; fileRef = 389DE02F1AEC1D1000BACB29 /* profile_picture_28.JPG */; };
		389DE0AE1AEC1D1000BACB29 /* profile_picture_29.JPG in Resources */ = {isa = PBXBuildFile; fileRef = 389DE0301AEC1D1000BACB29 /* profile_picture_29.JPG */; };
		389DE0AF1AEC1D1000BACB29 /* profile_picture_30.JPG in Resources */ = {isa = PBXBuildFile; fileRef = 389DE0311AEC1D1000BACB29 /* profile_picture_30.JPG */; };
		389DE0B01AEC1D1000BACB29 /* profile_picture_31.JPG in Resources */ = {isa = PBXBuildFile; fileRef = 389DE0321AEC1D1000BACB29 /* profile_picture_31.JPG */; };
		389DE0B11AEC1D1000BACB29 /* profile_picture_32.JPG in Resources */ = {isa = PBXBuildFile; fileRef = 389DE0331AEC1D1000BACB29 /* profile_picture_32.JPG */; };
		389DE0B21AEC1D1000BACB29 /* profile_picture_33.JPG in Resources */ = {isa = PBXBuildFile; fileRef = 389DE0341AEC1D1000BACB29 /* profile_picture_33.JPG */; };
		389DE0B31AEC1D1000BACB29 /* profile_picture_34.JPG in Resources */ = {isa = PBXBuildFile; fileRef = 389DE0351AEC1D1000BACB29 /* profile_picture_34.JPG */; };
		389DE0B41AEC1D1000BACB29 /* profile_picture_35.JPG in Resources */ = {isa = PBXBuildFile; fileRef = 389DE0361AEC1D1000BACB29 /* profile_picture_35.JPG */; };
		389DE0B51AEC1D1000BACB29 /* profile_picture_36.JPG in Resources */ = {isa = PBXBuildFile; fileRef = 389DE0371AEC1D1000BACB29 /* profile_picture_36.JPG */; };
		389DE0B61AEC1D1000BACB29 /* profile_picture_37.JPG in Resources */ = {isa = PBXBuildFile; fileRef = 389DE0381AEC1D1000BACB29 /* profile_picture_37.JPG */; };
		389DE0B71AEC1D1000BACB29 /* profile_picture_38.JPG in Resources */ = {isa = PBXBuildFile; fileRef = 389DE0391AEC1D1000BACB29 /* profile_picture_38.JPG */; };
		389DE0B81AEC1D1000BACB29 /* profile_picture_39.JPG in Resources */ = {isa = PBXBuildFile; fileRef = 389DE03A1AEC1D1000BACB29 /* profile_picture_39.JPG */; };
		389DE0B91AEC1D1000BACB29 /* profile_picture_40.JPG in Resources */ = {isa = PBXBuildFile; fileRef = 389DE03B1AEC1D1000BACB29 /* profile_picture_40.JPG */; };
		389DE0BA1AEC1D1000BACB29 /* profile_picture_41.JPG in Resources */ = {isa = PBXBuildFile; fileRef = 389DE03C1AEC1D1000BACB29 /* profile_picture_41.JPG */; };
		389DE0BB1AEC1D1000BACB29 /* profile_picture_42.JPG in Resources */ = {isa = PBXBuildFile; fileRef = 389DE03D1AEC1D1000BACB29 /* profile_picture_42.JPG */; };
		389DE0BC1AEC1D1000BACB29 /* profile_picture_43.JPG in Resources */ = {isa = PBXBuildFile; fileRef = 389DE03E1AEC1D1000BACB29 /* profile_picture_43.JPG */; };
		389DE0BD1AEC1D1000BACB29 /* profile_picture_44.JPG in Resources */ = {isa = PBXBuildFile; fileRef = 389DE03F1AEC1D1000BACB29 /* profile_picture_44.JPG */; };
		389DE0BE1AEC1D1000BACB29 /* profile_picture_45.JPG in Resources */ = {isa = PBXBuildFile; fileRef = 389DE0401AEC1D1000BACB29 /* profile_picture_45.JPG */; };
		389DE0BF1AEC1D1000BACB29 /* profile_picture_46.JPG in Resources */ = {isa = PBXBuildFile; fileRef = 389DE0411AEC1D1000BACB29 /* profile_picture_46.JPG */; };
		389DE0C01AEC1D1000BACB29 /* profile_picture_47.JPG in Resources */ = {isa = PBXBuildFile; fileRef = 389DE0421AEC1D1000BACB29 /* profile_picture_47.JPG */; };
		389DE0C11AEC1D1000BACB29 /* profile_picture_48.JPG in Resources */ = {isa = PBXBuildFile; fileRef = 389DE0431AEC1D1000BACB29 /* profile_picture_48.JPG */; };
		389DE0C21AEC1D1000BACB29 /* profile_picture_49.JPG in Resources */ = {isa = PBXBuildFile; fileRef = 389DE0441AEC1D1000BACB29 /* profile_picture_49.JPG */; };
		389DE0C31AEC1D1000BACB29 /* profile_picture_50.JPG in Resources */ = {isa = PBXBuildFile; fileRef = 389DE0451AEC1D1000BACB29 /* profile_picture_50.JPG */; };
		389DE0C41AEC1D1000BACB29 /* profile_picture_51.JPG in Resources */ = {isa = PBXBuildFile; fileRef = 389DE0461AEC1D1000BACB29 /* profile_picture_51.JPG */; };
		389DE0C51AEC1D1000BACB29 /* profile_picture_52.JPG in Resources */ = {isa = PBXBuildFile; fileRef = 389DE0471AEC1D1000BACB29 /* profile_picture_52.JPG */; };
		389DE0C61AEC1D1000BACB29 /* profile_picture_53.JPG in Resources */ = {isa = PBXBuildFile; fileRef = 389DE0481AEC1D1000BACB29 /* profile_picture_53.JPG */; };
		389DE0C71AEC1D1000BACB29 /* profile_picture_54.JPG in Resources */ = {isa = PBXBuildFile; fileRef = 389DE0491AEC1D1000BACB29 /* profile_picture_54.JPG */; };
		389DE0C81AEC1D1000BACB29 /* profile_picture_55.JPG in Resources */ = {isa = PBXBuildFile; fileRef = 389DE04A1AEC1D1000BACB29 /* profile_picture_55.JPG */; };
		389DE0C91AEC1D1000BACB29 /* profile_picture_56.JPG in Resources */ = {isa = PBXBuildFile; fileRef = 389DE04B1AEC1D1000BACB29 /* profile_picture_56.JPG */; };
		389DE0CA1AEC1D1000BACB29 /* profile_picture_57.JPG in Resources */ = {isa = PBXBuildFile; fileRef = 389DE04C1AEC1D1000BACB29 /* profile_picture_57.JPG */; };
		389DE0CB1AEC1D1000BACB29 /* profile_picture_58.JPG in Resources */ = {isa = PBXBuildFile; fileRef = 389DE04D1AEC1D1000BACB29 /* profile_picture_58.JPG */; };
		389DE0CC1AEC1D1000BACB29 /* profile_picture_59.JPG in Resources */ = {isa = PBXBuildFile; fileRef = 389DE04E1AEC1D1000BACB29 /* profile_picture_59.JPG */; };
		389DE0CD1AEC1D1000BACB29 /* profile_picture_60.JPG in Resources */ = {isa = PBXBuildFile; fileRef = 389DE04F1AEC1D1000BACB29 /* profile_picture_60.JPG */; };
		389DE0CE1AEC1D1000BACB29 /* profile_picture_61.JPG in Resources */ = {isa = PBXBuildFile; fileRef = 389DE0501AEC1D1000BACB29 /* profile_picture_61.JPG */; };
		389DE0CF1AEC1D1000BACB29 /* profile_picture_62.JPG in Resources */ = {isa = PBXBuildFile; fileRef = 389DE0511AEC1D1000BACB29 /* profile_picture_62.JPG */; };
		389DE0D01AEC1D1000BACB29 /* profile_picture_63.JPG in Resources */ = {isa = PBXBuildFile; fileRef = 389DE0521AEC1D1000BACB29 /* profile_picture_63.JPG */; };
		389DE0D11AEC1D1000BACB29 /* profile_picture_64.JPG in Resources */ = {isa = PBXBuildFile; fileRef = 389DE0531AEC1D1000BACB29 /* profile_picture_64.JPG */; };
		389DE0D21AEC1D1000BACB29 /* profile_picture_65.JPG in Resources */ = {isa = PBXBuildFile; fileRef = 389DE0541AEC1D1000BACB29 /* profile_picture_65.JPG */; };
		389DE0D31AEC1D1000BACB29 /* profile_picture_66.JPG in Resources */ = {isa = PBXBuildFile; fileRef = 389DE0551AEC1D1000BACB29 /* profile_picture_66.JPG */; };
		389DE0D41AEC1D1000BACB29 /* profile_picture_67.JPG in Resources */ = {isa = PBXBuildFile; fileRef = 389DE0561AEC1D1000BACB29 /* profile_picture_67.JPG */; };
		389DE0D51AEC1D1000BACB29 /* profile_picture_68.JPG in Resources */ = {isa = PBXBuildFile; fileRef = 389DE0571AEC1D1000BACB29 /* profile_picture_68.JPG */; };
		389DE0D61AEC1D1000BACB29 /* profile_picture_69.JPG in Resources */ = {isa = PBXBuildFile; fileRef = 389DE0581AEC1D1000BACB29 /* profile_picture_69.JPG */; };
		389DE0D71AEC1D1000BACB29 /* profile_picture_70.JPG in Resources */ = {isa = PBXBuildFile; fileRef = 389DE0591AEC1D1000BACB29 /* profile_picture_70.JPG */; };
		389DE0D81AEC1D1000BACB29 /* profile_picture_71.JPG in Resources */ = {isa = PBXBuildFile; fileRef = 389DE05A1AEC1D1000BACB29 /* profile_picture_71.JPG */; };
		389DE0D91AEC1D1000BACB29 /* profile_picture_72.JPG in Resources */ = {isa = PBXBuildFile; fileRef = 389DE05B1AEC1D1000BACB29 /* profile_picture_72.JPG */; };
		389DE0DA1AEC1D1000BACB29 /* profile_picture_73.JPG in Resources */ = {isa = PBXBuildFile; fileRef = 389DE05C1AEC1D1000BACB29 /* profile_picture_73.JPG */; };
		389DE0DB1AEC1D1000BACB29 /* profile_picture_74.JPG in Resources */ = {isa = PBXBuildFile; fileRef = 389DE05D1AEC1D1000BACB29 /* profile_picture_74.JPG */; };
		389DE0DC1AEC1D1000BACB29 /* profile_picture_75.JPG in Resources */ = {isa = PBXBuildFile; fileRef = 389DE05E1AEC1D1000BACB29 /* profile_picture_75.JPG */; };
		389DE0DD1AEC1D1000BACB29 /* profile_picture_76.JPG in Resources */ = {isa = PBXBuildFile; fileRef = 389DE05F1AEC1D1000BACB29 /* profile_picture_76.JPG */; };
		389DE0DE1AEC1D1000BACB29 /* profile_picture_77.JPG in Resources */ = {isa = PBXBuildFile; fileRef = 389DE0601AEC1D1000BACB29 /* profile_picture_77.JPG */; };
		389DE0DF1AEC1D1000BACB29 /* profile_picture_78.JPG in Resources */ = {isa = PBXBuildFile; fileRef = 389DE0611AEC1D1000BACB29 /* profile_picture_78.JPG */; };
		389DE0E01AEC1D1000BACB29 /* profile_picture_79.JPG in Resources */ = {isa = PBXBuildFile; fileRef = 389DE0621AEC1D1000BACB29 /* profile_picture_79.JPG */; };
		389DE0E11AEC1D1000BACB29 /* profile_picture_80.JPG in Resources */ = {isa = PBXBuildFile; fileRef = 389DE0631AEC1D1000BACB29 /* profile_picture_80.JPG */; };
		389DE0E21AEC1D1000BACB29 /* profile_picture_81.JPG in Resources */ = {isa = PBXBuildFile; fileRef = 389DE0641AEC1D1000BACB29 /* profile_picture_81.JPG */; };
		389DE0E31AEC1D1000BACB29 /* profile_picture_82.JPG in Resources */ = {isa = PBXBuildFile; fileRef = 389DE0651AEC1D1000BACB29 /* profile_picture_82.JPG */; };
		389DE0E41AEC1D1000BACB29 /* profile_picture_83.JPG in Resources */ = {isa = PBXBuildFile; fileRef = 389DE0661AEC1D1000BACB29 /* profile_picture_83.JPG */; };
		389DE0E51AEC1D1000BACB29 /* profile_picture_84.JPG in Resources */ = {isa = PBXBuildFile; fileRef = 389DE0671AEC1D1000BACB29 /* profile_picture_84.JPG */; };
		389DE0E61AEC1D1000BACB29 /* profile_picture_85.JPG in Resources */ = {isa = PBXBuildFile; fileRef = 389DE0681AEC1D1000BACB29 /* profile_picture_85.JPG */; };
		389DE0E71AEC1D1000BACB29 /* profile_picture_86.JPG in Resources */ = {isa = PBXBuildFile; fileRef = 389DE0691AEC1D1000BACB29 /* profile_picture_86.JPG */; };
		389DE0E81AEC1D1000BACB29 /* profile_picture_87.JPG in Resources */ = {isa = PBXBuildFile; fileRef = 389DE06A1AEC1D1000BACB29 /* profile_picture_87.JPG */; };
		389DE0E91AEC1D1000BACB29 /* profile_picture_88.JPG in Resources */ = {isa = PBXBuildFile; fileRef = 389DE06B1AEC1D1000BACB29 /* profile_picture_88.JPG */; };
		389DE0EA1AEC1D1000BACB29 /* profile_picture_89.JPG in Resources */ = {isa = PBXBuildFile; fileRef = 389DE06C1AEC1D1000BACB29 /* profile_picture_89.JPG */; };
		389DE0EB1AEC1D1000BACB29 /* profile_picture_90.JPG in Resources */ = {isa = PBXBuildFile; fileRef = 389DE06D1AEC1D1000BACB29 /* profile_picture_90.JPG */; };
		389DE0EC1AEC1D1000BACB29 /* profile_picture_91.JPG in Resources */ = {isa = PBXBuildFile; fileRef = 389DE06E1AEC1D1000BACB29 /* profile_picture_91.JPG */; };
		389DE0ED1AEC1D1000BACB29 /* profile_picture_92.JPG in Resources */ = {isa = PBXBuildFile; fileRef = 389DE06F1AEC1D1000BACB29 /* profile_picture_92.JPG */; };
		389DE0EE1AEC1D1000BACB29 /* profile_picture_93.JPG in Resources */ = {isa = PBXBuildFile; fileRef = 389DE0701AEC1D1000BACB29 /* profile_picture_93.JPG */; };
		389DE0EF1AEC1D1000BACB29 /* profile_picture_94.JPG in Resources */ = {isa = PBXBuildFile; fileRef = 389DE0711AEC1D1000BACB29 /* profile_picture_94.JPG */; };
		389DE0F01AEC1D1000BACB29 /* profile_picture_95.JPG in Resources */ = {isa = PBXBuildFile; fileRef = 389DE0721AEC1D1000BACB29 /* profile_picture_95.JPG */; };
		389DE0F11AEC1D1000BACB29 /* profile_picture_96.JPG in Resources */ = {isa = PBXBuildFile; fileRef = 389DE0731AEC1D1000BACB29 /* profile_picture_96.JPG */; };
		389DE0F21AEC1D1000BACB29 /* profile_picture_97.JPG in Resources */ = {isa = PBXBuildFile; fileRef = 389DE0741AEC1D1000BACB29 /* profile_picture_97.JPG */; };
		389DE0F31AEC1D1000BACB29 /* profile_picture_98.JPG in Resources */ = {isa = PBXBuildFile; fileRef = 389DE0751AEC1D1000BACB29 /* profile_picture_98.JPG */; };
		389DE0F41AEC1D1000BACB29 /* profile_picture_99.JPG in Resources */ = {isa = PBXBuildFile; fileRef = 389DE0761AEC1D1000BACB29 /* profile_picture_99.JPG */; };
		389DE0F51AEC1D1000BACB29 /* profile_picture_100.JPG in Resources */ = {isa = PBXBuildFile; fileRef = 389DE0771AEC1D1000BACB29 /* profile_picture_100.JPG */; };
		389DE0F61AEC1D1000BACB29 /* profile_picture_101.JPG in Resources */ = {isa = PBXBuildFile; fileRef = 389DE0781AEC1D1000BACB29 /* profile_picture_101.JPG */; };
		389DE0F71AEC1D1000BACB29 /* profile_picture_102.JPG in Resources */ = {isa = PBXBuildFile; fileRef = 389DE0791AEC1D1000BACB29 /* profile_picture_102.JPG */; };
		389DE0F81AEC1D1000BACB29 /* profile_picture_103.JPG in Resources */ = {isa = PBXBuildFile; fileRef = 389DE07A1AEC1D1000BACB29 /* profile_picture_103.JPG */; };
		389DE0F91AEC1D1000BACB29 /* profile_picture_104.JPG in Resources */ = {isa = PBXBuildFile; fileRef = 389DE07B1AEC1D1000BACB29 /* profile_picture_104.JPG */; };
		389DE0FA1AEC1D1000BACB29 /* profile_picture_105.JPG in Resources */ = {isa = PBXBuildFile; fileRef = 389DE07C1AEC1D1000BACB29 /* profile_picture_105.JPG */; };
		389DE0FB1AEC1D1000BACB29 /* profile_picture_106.JPG in Resources */ = {isa = PBXBuildFile; fileRef = 389DE07D1AEC1D1000BACB29 /* profile_picture_106.JPG */; };
		389DE0FC1AEC1D1000BACB29 /* profile_picture_107.JPG in Resources */ = {isa = PBXBuildFile; fileRef = 389DE07E1AEC1D1000BACB29 /* profile_picture_107.JPG */; };
		389DE0FD1AEC1D1000BACB29 /* profile_picture_108.JPG in Resources */ = {isa = PBXBuildFile; fileRef = 389DE07F1AEC1D1000BACB29 /* profile_picture_108.JPG */; };
		389DE0FE1AEC1D1000BACB29 /* profile_picture_109.JPG in Resources */ = {isa = PBXBuildFile; fileRef = 389DE0801AEC1D1000BACB29 /* profile_picture_109.JPG */; };
		389DE0FF1AEC1D1000BACB29 /* profile_picture_110.JPG in Resources */ = {isa = PBXBuildFile; fileRef = 389DE0811AEC1D1000BACB29 /* profile_picture_110.JPG */; };
		389DE1001AEC1D1000BACB29 /* profile_picture_111.JPG in Resources */ = {isa = PBXBuildFile; fileRef = 389DE0821AEC1D1000BACB29 /* profile_picture_111.JPG */; };
		389DE1011AEC1D1000BACB29 /* profile_picture_112.JPG in Resources */ = {isa = PBXBuildFile; fileRef = 389DE0831AEC1D1000BACB29 /* profile_picture_112.JPG */; };
		389DE1021AEC1D1000BACB29 /* profile_picture_113.JPG in Resources */ = {isa = PBXBuildFile; fileRef = 389DE0841AEC1D1000BACB29 /* profile_picture_113.JPG */; };
		389DE1031AEC1D1000BACB29 /* profile_picture_114.JPG in Resources */ = {isa = PBXBuildFile; fileRef = 389DE0851AEC1D1000BACB29 /* profile_picture_114.JPG */; };
		389DE1041AEC1D1000BACB29 /* profile_picture_115.JPG in Resources */ = {isa = PBXBuildFile; fileRef = 389DE0861AEC1D1000BACB29 /* profile_picture_115.JPG */; };
		389DE1051AEC1D1000BACB29 /* profile_picture_116.JPG in Resources */ = {isa = PBXBuildFile; fileRef = 389DE0871AEC1D1000BACB29 /* profile_picture_116.JPG */; };
		389DE1061AEC1D1000BACB29 /* profile_picture_117.JPG in Resources */ = {isa = PBXBuildFile; fileRef = 389DE0881AEC1D1000BACB29 /* profile_picture_117.JPG */; };
		389DE1071AEC1D1000BACB29 /* profile_picture_118.JPG in Resources */ = {isa = PBXBuildFile; fileRef = 389DE0891AEC1D1000BACB29 /* profile_picture_118.JPG */; };
		389DE1081AEC1D1000BACB29 /* profile_picture_119.JPG in Resources */ = {isa = PBXBuildFile; fileRef = 389DE08A1AEC1D1000BACB29 /* profile_picture_119.JPG */; };
		389DE1091AEC1D1000BACB29 /* profile_picture_120.JPG in Resources */ = {isa = PBXBuildFile; fileRef = 389DE08B1AEC1D1000BACB29 /* profile_picture_120.JPG */; };
		389DE10A1AEC1D1000BACB29 /* profile_picture_121.JPG in Resources */ = {isa = PBXBuildFile; fileRef = 389DE08C1AEC1D1000BACB29 /* profile_picture_121.JPG */; };
		389DE10B1AEC1D1000BACB29 /* profile_picture_122.JPG in Resources */ = {isa = PBXBuildFile; fileRef = 389DE08D1AEC1D1000BACB29 /* profile_picture_122.JPG */; };
		389DE10C1AEC1D1000BACB29 /* profile_picture_123.JPG in Resources */ = {isa = PBXBuildFile; fileRef = 389DE08E1AEC1D1000BACB29 /* profile_picture_123.JPG */; };
		389DE10D1AEC1D1000BACB29 /* profile_picture_124.JPG in Resources */ = {isa = PBXBuildFile; fileRef = 389DE08F1AEC1D1000BACB29 /* profile_picture_124.JPG */; };
		389DE10E1AEC1D1000BACB29 /* profile_picture_125.JPG in Resources */ = {isa = PBXBuildFile; fileRef = 389DE0901AEC1D1000BACB29 /* profile_picture_125.JPG */; };
		389DE10F1AEC1D1000BACB29 /* profile_picture_126.JPG in Resources */ = {isa = PBXBuildFile; fileRef = 389DE0911AEC1D1000BACB29 /* profile_picture_126.JPG */; };
		389DE1101AEC1D1000BACB29 /* profile_picture_127.JPG in Resources */ = {isa = PBXBuildFile; fileRef = 389DE0921AEC1D1000BACB29 /* profile_picture_127.JPG */; };
		389DE1111AEC1D1000BACB29 /* profile_picture_128.JPG in Resources */ = {isa = PBXBuildFile; fileRef = 389DE0931AEC1D1000BACB29 /* profile_picture_128.JPG */; };
		389DE1121AEC1D1000BACB29 /* profile_picture_129.JPG in Resources */ = {isa = PBXBuildFile; fileRef = 389DE0941AEC1D1000BACB29 /* profile_picture_129.JPG */; };
		389DE1131AEC1D1000BACB29 /* profile_picture_130.JPG in Resources */ = {isa = PBXBuildFile; fileRef = 389DE0951AEC1D1000BACB29 /* profile_picture_130.JPG */; };
		389DE1181AEC1D6200BACB29 /* profile_picture_0.JPG in Resources */ = {isa = PBXBuildFile; fileRef = 389DE1141AEC1D6200BACB29 /* profile_picture_0.JPG */; };
		389DE1191AEC1D6200BACB29 /* profile_picture_1.JPG in Resources */ = {isa = PBXBuildFile; fileRef = 389DE1151AEC1D6200BACB29 /* profile_picture_1.JPG */; };
		389DE11A1AEC1D6200BACB29 /* profile_picture_2.JPG in Resources */ = {isa = PBXBuildFile; fileRef = 389DE1161AEC1D6200BACB29 /* profile_picture_2.JPG */; };
		389DE11B1AEC1D6200BACB29 /* profile_picture_4.JPG in Resources */ = {isa = PBXBuildFile; fileRef = 389DE1171AEC1D6200BACB29 /* profile_picture_4.JPG */; };
		389DE11D1AEC1D8D00BACB29 /* profile_picture_3.JPG in Resources */ = {isa = PBXBuildFile; fileRef = 389DE11C1AEC1D8D00BACB29 /* profile_picture_3.JPG */; };
/* End PBXBuildFile section */

/* Begin PBXContainerItemProxy section */
		388706331ADD506600B953CC /* PBXContainerItemProxy */ = {
			isa = PBXContainerItemProxy;
			containerPortal = 388706151ADD506500B953CC /* Project object */;
			proxyType = 1;
			remoteGlobalIDString = 3887061C1ADD506500B953CC;
			remoteInfo = WWDCScolarship;
		};
/* End PBXContainerItemProxy section */

/* Begin PBXFileReference section */
		380A1C371AE69E1800A573DE /* SkillsView.xib */ = {isa = PBXFileReference; fileEncoding = 4; lastKnownFileType = file.xib; path = SkillsView.xib; sourceTree = "<group>"; };
		380CE3891AE16115003921FA /* FutureView.xib */ = {isa = PBXFileReference; fileEncoding = 4; lastKnownFileType = file.xib; path = FutureView.xib; sourceTree = "<group>"; };
		380CE38B1AE16285003921FA /* FutureView.swift */ = {isa = PBXFileReference; fileEncoding = 4; lastKnownFileType = sourcecode.swift; path = FutureView.swift; sourceTree = "<group>"; };
		38165C6C1AE08AE500E33EC7 /* ImportantBackgroundsView.xib */ = {isa = PBXFileReference; fileEncoding = 4; lastKnownFileType = file.xib; path = ImportantBackgroundsView.xib; sourceTree = "<group>"; };
		38165C6E1AE08C7400E33EC7 /* DefaultInformationView.swift */ = {isa = PBXFileReference; fileEncoding = 4; lastKnownFileType = sourcecode.swift; path = DefaultInformationView.swift; sourceTree = "<group>"; };
		3821DCC31ADFF01A00E1E6E3 /* HeaderView.swift */ = {isa = PBXFileReference; fileEncoding = 4; lastKnownFileType = sourcecode.swift; path = HeaderView.swift; sourceTree = "<group>"; };
		38291E5D1AE094240049F1B3 /* InterestsView.xib */ = {isa = PBXFileReference; fileEncoding = 4; lastKnownFileType = file.xib; path = InterestsView.xib; sourceTree = "<group>"; };
		3887061D1ADD506600B953CC /* Matheus_Cavalca.app */ = {isa = PBXFileReference; explicitFileType = wrapper.application; includeInIndex = 0; path = Matheus_Cavalca.app; sourceTree = BUILT_PRODUCTS_DIR; };
		388706211ADD506600B953CC /* Info.plist */ = {isa = PBXFileReference; lastKnownFileType = text.plist.xml; path = Info.plist; sourceTree = "<group>"; };
		388706221ADD506600B953CC /* AppDelegate.swift */ = {isa = PBXFileReference; lastKnownFileType = sourcecode.swift; path = AppDelegate.swift; sourceTree = "<group>"; };
		388706241ADD506600B953CC /* ViewController.swift */ = {isa = PBXFileReference; lastKnownFileType = sourcecode.swift; path = ViewController.swift; sourceTree = "<group>"; };
		388706271ADD506600B953CC /* Base */ = {isa = PBXFileReference; lastKnownFileType = file.storyboard; name = Base; path = Base.lproj/Main.storyboard; sourceTree = "<group>"; };
		388706291ADD506600B953CC /* Images.xcassets */ = {isa = PBXFileReference; lastKnownFileType = folder.assetcatalog; path = Images.xcassets; sourceTree = "<group>"; };
		388706321ADD506600B953CC /* Matheus_CavalcaTests.xctest */ = {isa = PBXFileReference; explicitFileType = wrapper.cfbundle; includeInIndex = 0; path = Matheus_CavalcaTests.xctest; sourceTree = BUILT_PRODUCTS_DIR; };
		388706371ADD506600B953CC /* Info.plist */ = {isa = PBXFileReference; lastKnownFileType = text.plist.xml; path = Info.plist; sourceTree = "<group>"; };
		388706381ADD506600B953CC /* WWDCScolarshipTests.swift */ = {isa = PBXFileReference; lastKnownFileType = sourcecode.swift; path = WWDCScolarshipTests.swift; sourceTree = "<group>"; };
		3892D5231ADD727300EA8578 /* DefaultAppView.swift */ = {isa = PBXFileReference; fileEncoding = 4; lastKnownFileType = sourcecode.swift; path = DefaultAppView.swift; sourceTree = "<group>"; };
		3892D5251ADD728F00EA8578 /* VolkyAppView.xib */ = {isa = PBXFileReference; fileEncoding = 4; lastKnownFileType = file.xib; path = VolkyAppView.xib; sourceTree = "<group>"; };
		3892D5271ADD737A00EA8578 /* IdealBeerAppView.xib */ = {isa = PBXFileReference; fileEncoding = 4; lastKnownFileType = file.xib; path = IdealBeerAppView.xib; sourceTree = "<group>"; };
		3892D5291ADD738500EA8578 /* AddictingBoxAppView.xib */ = {isa = PBXFileReference; fileEncoding = 4; lastKnownFileType = file.xib; path = AddictingBoxAppView.xib; sourceTree = "<group>"; };
		3892D52B1ADD739400EA8578 /* WhadgetAppView.xib */ = {isa = PBXFileReference; fileEncoding = 4; lastKnownFileType = file.xib; path = WhadgetAppView.xib; sourceTree = "<group>"; };
		3892D52D1ADD739D00EA8578 /* IdoneAppView.xib */ = {isa = PBXFileReference; fileEncoding = 4; lastKnownFileType = file.xib; path = IdoneAppView.xib; sourceTree = "<group>"; };
		3892D5301ADDA10300EA8578 /* Settings.swift */ = {isa = PBXFileReference; fileEncoding = 4; lastKnownFileType = sourcecode.swift; path = Settings.swift; sourceTree = "<group>"; };
		389DE0181AEC1D1000BACB29 /* profile_picture_5.JPG */ = {isa = PBXFileReference; lastKnownFileType = image.jpeg; name = profile_picture_5.JPG; path = Profile_pictures/profile_picture_5.JPG; sourceTree = "<group>"; };
		389DE0191AEC1D1000BACB29 /* profile_picture_6.JPG */ = {isa = PBXFileReference; lastKnownFileType = image.jpeg; name = profile_picture_6.JPG; path = Profile_pictures/profile_picture_6.JPG; sourceTree = "<group>"; };
		389DE01A1AEC1D1000BACB29 /* profile_picture_7.JPG */ = {isa = PBXFileReference; lastKnownFileType = image.jpeg; name = profile_picture_7.JPG; path = Profile_pictures/profile_picture_7.JPG; sourceTree = "<group>"; };
		389DE01B1AEC1D1000BACB29 /* profile_picture_8.JPG */ = {isa = PBXFileReference; lastKnownFileType = image.jpeg; name = profile_picture_8.JPG; path = Profile_pictures/profile_picture_8.JPG; sourceTree = "<group>"; };
		389DE01C1AEC1D1000BACB29 /* profile_picture_9.JPG */ = {isa = PBXFileReference; lastKnownFileType = image.jpeg; name = profile_picture_9.JPG; path = Profile_pictures/profile_picture_9.JPG; sourceTree = "<group>"; };
		389DE01D1AEC1D1000BACB29 /* profile_picture_10.JPG */ = {isa = PBXFileReference; lastKnownFileType = image.jpeg; name = profile_picture_10.JPG; path = Profile_pictures/profile_picture_10.JPG; sourceTree = "<group>"; };
		389DE01E1AEC1D1000BACB29 /* profile_picture_11.JPG */ = {isa = PBXFileReference; lastKnownFileType = image.jpeg; name = profile_picture_11.JPG; path = Profile_pictures/profile_picture_11.JPG; sourceTree = "<group>"; };
		389DE01F1AEC1D1000BACB29 /* profile_picture_12.JPG */ = {isa = PBXFileReference; lastKnownFileType = image.jpeg; name = profile_picture_12.JPG; path = Profile_pictures/profile_picture_12.JPG; sourceTree = "<group>"; };
		389DE0201AEC1D1000BACB29 /* profile_picture_13.JPG */ = {isa = PBXFileReference; lastKnownFileType = image.jpeg; name = profile_picture_13.JPG; path = Profile_pictures/profile_picture_13.JPG; sourceTree = "<group>"; };
		389DE0211AEC1D1000BACB29 /* profile_picture_14.JPG */ = {isa = PBXFileReference; lastKnownFileType = image.jpeg; name = profile_picture_14.JPG; path = Profile_pictures/profile_picture_14.JPG; sourceTree = "<group>"; };
		389DE0221AEC1D1000BACB29 /* profile_picture_15.JPG */ = {isa = PBXFileReference; lastKnownFileType = image.jpeg; name = profile_picture_15.JPG; path = Profile_pictures/profile_picture_15.JPG; sourceTree = "<group>"; };
		389DE0231AEC1D1000BACB29 /* profile_picture_16.JPG */ = {isa = PBXFileReference; lastKnownFileType = image.jpeg; name = profile_picture_16.JPG; path = Profile_pictures/profile_picture_16.JPG; sourceTree = "<group>"; };
		389DE0241AEC1D1000BACB29 /* profile_picture_17.JPG */ = {isa = PBXFileReference; lastKnownFileType = image.jpeg; name = profile_picture_17.JPG; path = Profile_pictures/profile_picture_17.JPG; sourceTree = "<group>"; };
		389DE0251AEC1D1000BACB29 /* profile_picture_18.JPG */ = {isa = PBXFileReference; lastKnownFileType = image.jpeg; name = profile_picture_18.JPG; path = Profile_pictures/profile_picture_18.JPG; sourceTree = "<group>"; };
		389DE0261AEC1D1000BACB29 /* profile_picture_19.JPG */ = {isa = PBXFileReference; lastKnownFileType = image.jpeg; name = profile_picture_19.JPG; path = Profile_pictures/profile_picture_19.JPG; sourceTree = "<group>"; };
		389DE0271AEC1D1000BACB29 /* profile_picture_20.JPG */ = {isa = PBXFileReference; lastKnownFileType = image.jpeg; name = profile_picture_20.JPG; path = Profile_pictures/profile_picture_20.JPG; sourceTree = "<group>"; };
		389DE0281AEC1D1000BACB29 /* profile_picture_21.JPG */ = {isa = PBXFileReference; lastKnownFileType = image.jpeg; name = profile_picture_21.JPG; path = Profile_pictures/profile_picture_21.JPG; sourceTree = "<group>"; };
		389DE0291AEC1D1000BACB29 /* profile_picture_22.JPG */ = {isa = PBXFileReference; lastKnownFileType = image.jpeg; name = profile_picture_22.JPG; path = Profile_pictures/profile_picture_22.JPG; sourceTree = "<group>"; };
		389DE02A1AEC1D1000BACB29 /* profile_picture_23.JPG */ = {isa = PBXFileReference; lastKnownFileType = image.jpeg; name = profile_picture_23.JPG; path = Profile_pictures/profile_picture_23.JPG; sourceTree = "<group>"; };
		389DE02B1AEC1D1000BACB29 /* profile_picture_24.JPG */ = {isa = PBXFileReference; lastKnownFileType = image.jpeg; name = profile_picture_24.JPG; path = Profile_pictures/profile_picture_24.JPG; sourceTree = "<group>"; };
		389DE02C1AEC1D1000BACB29 /* profile_picture_25.JPG */ = {isa = PBXFileReference; lastKnownFileType = image.jpeg; name = profile_picture_25.JPG; path = Profile_pictures/profile_picture_25.JPG; sourceTree = "<group>"; };
		389DE02D1AEC1D1000BACB29 /* profile_picture_26.JPG */ = {isa = PBXFileReference; lastKnownFileType = image.jpeg; name = profile_picture_26.JPG; path = Profile_pictures/profile_picture_26.JPG; sourceTree = "<group>"; };
		389DE02E1AEC1D1000BACB29 /* profile_picture_27.JPG */ = {isa = PBXFileReference; lastKnownFileType = image.jpeg; name = profile_picture_27.JPG; path = Profile_pictures/profile_picture_27.JPG; sourceTree = "<group>"; };
		389DE02F1AEC1D1000BACB29 /* profile_picture_28.JPG */ = {isa = PBXFileReference; lastKnownFileType = image.jpeg; name = profile_picture_28.JPG; path = Profile_pictures/profile_picture_28.JPG; sourceTree = "<group>"; };
		389DE0301AEC1D1000BACB29 /* profile_picture_29.JPG */ = {isa = PBXFileReference; lastKnownFileType = image.jpeg; name = profile_picture_29.JPG; path = Profile_pictures/profile_picture_29.JPG; sourceTree = "<group>"; };
		389DE0311AEC1D1000BACB29 /* profile_picture_30.JPG */ = {isa = PBXFileReference; lastKnownFileType = image.jpeg; name = profile_picture_30.JPG; path = Profile_pictures/profile_picture_30.JPG; sourceTree = "<group>"; };
		389DE0321AEC1D1000BACB29 /* profile_picture_31.JPG */ = {isa = PBXFileReference; lastKnownFileType = image.jpeg; name = profile_picture_31.JPG; path = Profile_pictures/profile_picture_31.JPG; sourceTree = "<group>"; };
		389DE0331AEC1D1000BACB29 /* profile_picture_32.JPG */ = {isa = PBXFileReference; lastKnownFileType = image.jpeg; name = profile_picture_32.JPG; path = Profile_pictures/profile_picture_32.JPG; sourceTree = "<group>"; };
		389DE0341AEC1D1000BACB29 /* profile_picture_33.JPG */ = {isa = PBXFileReference; lastKnownFileType = image.jpeg; name = profile_picture_33.JPG; path = Profile_pictures/profile_picture_33.JPG; sourceTree = "<group>"; };
		389DE0351AEC1D1000BACB29 /* profile_picture_34.JPG */ = {isa = PBXFileReference; lastKnownFileType = image.jpeg; name = profile_picture_34.JPG; path = Profile_pictures/profile_picture_34.JPG; sourceTree = "<group>"; };
		389DE0361AEC1D1000BACB29 /* profile_picture_35.JPG */ = {isa = PBXFileReference; lastKnownFileType = image.jpeg; name = profile_picture_35.JPG; path = Profile_pictures/profile_picture_35.JPG; sourceTree = "<group>"; };
		389DE0371AEC1D1000BACB29 /* profile_picture_36.JPG */ = {isa = PBXFileReference; lastKnownFileType = image.jpeg; name = profile_picture_36.JPG; path = Profile_pictures/profile_picture_36.JPG; sourceTree = "<group>"; };
		389DE0381AEC1D1000BACB29 /* profile_picture_37.JPG */ = {isa = PBXFileReference; lastKnownFileType = image.jpeg; name = profile_picture_37.JPG; path = Profile_pictures/profile_picture_37.JPG; sourceTree = "<group>"; };
		389DE0391AEC1D1000BACB29 /* profile_picture_38.JPG */ = {isa = PBXFileReference; lastKnownFileType = image.jpeg; name = profile_picture_38.JPG; path = Profile_pictures/profile_picture_38.JPG; sourceTree = "<group>"; };
		389DE03A1AEC1D1000BACB29 /* profile_picture_39.JPG */ = {isa = PBXFileReference; lastKnownFileType = image.jpeg; name = profile_picture_39.JPG; path = Profile_pictures/profile_picture_39.JPG; sourceTree = "<group>"; };
		389DE03B1AEC1D1000BACB29 /* profile_picture_40.JPG */ = {isa = PBXFileReference; lastKnownFileType = image.jpeg; name = profile_picture_40.JPG; path = Profile_pictures/profile_picture_40.JPG; sourceTree = "<group>"; };
		389DE03C1AEC1D1000BACB29 /* profile_picture_41.JPG */ = {isa = PBXFileReference; lastKnownFileType = image.jpeg; name = profile_picture_41.JPG; path = Profile_pictures/profile_picture_41.JPG; sourceTree = "<group>"; };
		389DE03D1AEC1D1000BACB29 /* profile_picture_42.JPG */ = {isa = PBXFileReference; lastKnownFileType = image.jpeg; name = profile_picture_42.JPG; path = Profile_pictures/profile_picture_42.JPG; sourceTree = "<group>"; };
		389DE03E1AEC1D1000BACB29 /* profile_picture_43.JPG */ = {isa = PBXFileReference; lastKnownFileType = image.jpeg; name = profile_picture_43.JPG; path = Profile_pictures/profile_picture_43.JPG; sourceTree = "<group>"; };
		389DE03F1AEC1D1000BACB29 /* profile_picture_44.JPG */ = {isa = PBXFileReference; lastKnownFileType = image.jpeg; name = profile_picture_44.JPG; path = Profile_pictures/profile_picture_44.JPG; sourceTree = "<group>"; };
		389DE0401AEC1D1000BACB29 /* profile_picture_45.JPG */ = {isa = PBXFileReference; lastKnownFileType = image.jpeg; name = profile_picture_45.JPG; path = Profile_pictures/profile_picture_45.JPG; sourceTree = "<group>"; };
		389DE0411AEC1D1000BACB29 /* profile_picture_46.JPG */ = {isa = PBXFileReference; lastKnownFileType = image.jpeg; name = profile_picture_46.JPG; path = Profile_pictures/profile_picture_46.JPG; sourceTree = "<group>"; };
		389DE0421AEC1D1000BACB29 /* profile_picture_47.JPG */ = {isa = PBXFileReference; lastKnownFileType = image.jpeg; name = profile_picture_47.JPG; path = Profile_pictures/profile_picture_47.JPG; sourceTree = "<group>"; };
		389DE0431AEC1D1000BACB29 /* profile_picture_48.JPG */ = {isa = PBXFileReference; lastKnownFileType = image.jpeg; name = profile_picture_48.JPG; path = Profile_pictures/profile_picture_48.JPG; sourceTree = "<group>"; };
		389DE0441AEC1D1000BACB29 /* profile_picture_49.JPG */ = {isa = PBXFileReference; lastKnownFileType = image.jpeg; name = profile_picture_49.JPG; path = Profile_pictures/profile_picture_49.JPG; sourceTree = "<group>"; };
		389DE0451AEC1D1000BACB29 /* profile_picture_50.JPG */ = {isa = PBXFileReference; lastKnownFileType = image.jpeg; name = profile_picture_50.JPG; path = Profile_pictures/profile_picture_50.JPG; sourceTree = "<group>"; };
		389DE0461AEC1D1000BACB29 /* profile_picture_51.JPG */ = {isa = PBXFileReference; lastKnownFileType = image.jpeg; name = profile_picture_51.JPG; path = Profile_pictures/profile_picture_51.JPG; sourceTree = "<group>"; };
		389DE0471AEC1D1000BACB29 /* profile_picture_52.JPG */ = {isa = PBXFileReference; lastKnownFileType = image.jpeg; name = profile_picture_52.JPG; path = Profile_pictures/profile_picture_52.JPG; sourceTree = "<group>"; };
		389DE0481AEC1D1000BACB29 /* profile_picture_53.JPG */ = {isa = PBXFileReference; lastKnownFileType = image.jpeg; name = profile_picture_53.JPG; path = Profile_pictures/profile_picture_53.JPG; sourceTree = "<group>"; };
		389DE0491AEC1D1000BACB29 /* profile_picture_54.JPG */ = {isa = PBXFileReference; lastKnownFileType = image.jpeg; name = profile_picture_54.JPG; path = Profile_pictures/profile_picture_54.JPG; sourceTree = "<group>"; };
		389DE04A1AEC1D1000BACB29 /* profile_picture_55.JPG */ = {isa = PBXFileReference; lastKnownFileType = image.jpeg; name = profile_picture_55.JPG; path = Profile_pictures/profile_picture_55.JPG; sourceTree = "<group>"; };
		389DE04B1AEC1D1000BACB29 /* profile_picture_56.JPG */ = {isa = PBXFileReference; lastKnownFileType = image.jpeg; name = profile_picture_56.JPG; path = Profile_pictures/profile_picture_56.JPG; sourceTree = "<group>"; };
		389DE04C1AEC1D1000BACB29 /* profile_picture_57.JPG */ = {isa = PBXFileReference; lastKnownFileType = image.jpeg; name = profile_picture_57.JPG; path = Profile_pictures/profile_picture_57.JPG; sourceTree = "<group>"; };
		389DE04D1AEC1D1000BACB29 /* profile_picture_58.JPG */ = {isa = PBXFileReference; lastKnownFileType = image.jpeg; name = profile_picture_58.JPG; path = Profile_pictures/profile_picture_58.JPG; sourceTree = "<group>"; };
		389DE04E1AEC1D1000BACB29 /* profile_picture_59.JPG */ = {isa = PBXFileReference; lastKnownFileType = image.jpeg; name = profile_picture_59.JPG; path = Profile_pictures/profile_picture_59.JPG; sourceTree = "<group>"; };
		389DE04F1AEC1D1000BACB29 /* profile_picture_60.JPG */ = {isa = PBXFileReference; lastKnownFileType = image.jpeg; name = profile_picture_60.JPG; path = Profile_pictures/profile_picture_60.JPG; sourceTree = "<group>"; };
		389DE0501AEC1D1000BACB29 /* profile_picture_61.JPG */ = {isa = PBXFileReference; lastKnownFileType = image.jpeg; name = profile_picture_61.JPG; path = Profile_pictures/profile_picture_61.JPG; sourceTree = "<group>"; };
		389DE0511AEC1D1000BACB29 /* profile_picture_62.JPG */ = {isa = PBXFileReference; lastKnownFileType = image.jpeg; name = profile_picture_62.JPG; path = Profile_pictures/profile_picture_62.JPG; sourceTree = "<group>"; };
		389DE0521AEC1D1000BACB29 /* profile_picture_63.JPG */ = {isa = PBXFileReference; lastKnownFileType = image.jpeg; name = profile_picture_63.JPG; path = Profile_pictures/profile_picture_63.JPG; sourceTree = "<group>"; };
		389DE0531AEC1D1000BACB29 /* profile_picture_64.JPG */ = {isa = PBXFileReference; lastKnownFileType = image.jpeg; name = profile_picture_64.JPG; path = Profile_pictures/profile_picture_64.JPG; sourceTree = "<group>"; };
		389DE0541AEC1D1000BACB29 /* profile_picture_65.JPG */ = {isa = PBXFileReference; lastKnownFileType = image.jpeg; name = profile_picture_65.JPG; path = Profile_pictures/profile_picture_65.JPG; sourceTree = "<group>"; };
		389DE0551AEC1D1000BACB29 /* profile_picture_66.JPG */ = {isa = PBXFileReference; lastKnownFileType = image.jpeg; name = profile_picture_66.JPG; path = Profile_pictures/profile_picture_66.JPG; sourceTree = "<group>"; };
		389DE0561AEC1D1000BACB29 /* profile_picture_67.JPG */ = {isa = PBXFileReference; lastKnownFileType = image.jpeg; name = profile_picture_67.JPG; path = Profile_pictures/profile_picture_67.JPG; sourceTree = "<group>"; };
		389DE0571AEC1D1000BACB29 /* profile_picture_68.JPG */ = {isa = PBXFileReference; lastKnownFileType = image.jpeg; name = profile_picture_68.JPG; path = Profile_pictures/profile_picture_68.JPG; sourceTree = "<group>"; };
		389DE0581AEC1D1000BACB29 /* profile_picture_69.JPG */ = {isa = PBXFileReference; lastKnownFileType = image.jpeg; name = profile_picture_69.JPG; path = Profile_pictures/profile_picture_69.JPG; sourceTree = "<group>"; };
		389DE0591AEC1D1000BACB29 /* profile_picture_70.JPG */ = {isa = PBXFileReference; lastKnownFileType = image.jpeg; name = profile_picture_70.JPG; path = Profile_pictures/profile_picture_70.JPG; sourceTree = "<group>"; };
		389DE05A1AEC1D1000BACB29 /* profile_picture_71.JPG */ = {isa = PBXFileReference; lastKnownFileType = image.jpeg; name = profile_picture_71.JPG; path = Profile_pictures/profile_picture_71.JPG; sourceTree = "<group>"; };
		389DE05B1AEC1D1000BACB29 /* profile_picture_72.JPG */ = {isa = PBXFileReference; lastKnownFileType = image.jpeg; name = profile_picture_72.JPG; path = Profile_pictures/profile_picture_72.JPG; sourceTree = "<group>"; };
		389DE05C1AEC1D1000BACB29 /* profile_picture_73.JPG */ = {isa = PBXFileReference; lastKnownFileType = image.jpeg; name = profile_picture_73.JPG; path = Profile_pictures/profile_picture_73.JPG; sourceTree = "<group>"; };
		389DE05D1AEC1D1000BACB29 /* profile_picture_74.JPG */ = {isa = PBXFileReference; lastKnownFileType = image.jpeg; name = profile_picture_74.JPG; path = Profile_pictures/profile_picture_74.JPG; sourceTree = "<group>"; };
		389DE05E1AEC1D1000BACB29 /* profile_picture_75.JPG */ = {isa = PBXFileReference; lastKnownFileType = image.jpeg; name = profile_picture_75.JPG; path = Profile_pictures/profile_picture_75.JPG; sourceTree = "<group>"; };
		389DE05F1AEC1D1000BACB29 /* profile_picture_76.JPG */ = {isa = PBXFileReference; lastKnownFileType = image.jpeg; name = profile_picture_76.JPG; path = Profile_pictures/profile_picture_76.JPG; sourceTree = "<group>"; };
		389DE0601AEC1D1000BACB29 /* profile_picture_77.JPG */ = {isa = PBXFileReference; lastKnownFileType = image.jpeg; name = profile_picture_77.JPG; path = Profile_pictures/profile_picture_77.JPG; sourceTree = "<group>"; };
		389DE0611AEC1D1000BACB29 /* profile_picture_78.JPG */ = {isa = PBXFileReference; lastKnownFileType = image.jpeg; name = profile_picture_78.JPG; path = Profile_pictures/profile_picture_78.JPG; sourceTree = "<group>"; };
		389DE0621AEC1D1000BACB29 /* profile_picture_79.JPG */ = {isa = PBXFileReference; lastKnownFileType = image.jpeg; name = profile_picture_79.JPG; path = Profile_pictures/profile_picture_79.JPG; sourceTree = "<group>"; };
		389DE0631AEC1D1000BACB29 /* profile_picture_80.JPG */ = {isa = PBXFileReference; lastKnownFileType = image.jpeg; name = profile_picture_80.JPG; path = Profile_pictures/profile_picture_80.JPG; sourceTree = "<group>"; };
		389DE0641AEC1D1000BACB29 /* profile_picture_81.JPG */ = {isa = PBXFileReference; lastKnownFileType = image.jpeg; name = profile_picture_81.JPG; path = Profile_pictures/profile_picture_81.JPG; sourceTree = "<group>"; };
		389DE0651AEC1D1000BACB29 /* profile_picture_82.JPG */ = {isa = PBXFileReference; lastKnownFileType = image.jpeg; name = profile_picture_82.JPG; path = Profile_pictures/profile_picture_82.JPG; sourceTree = "<group>"; };
		389DE0661AEC1D1000BACB29 /* profile_picture_83.JPG */ = {isa = PBXFileReference; lastKnownFileType = image.jpeg; name = profile_picture_83.JPG; path = Profile_pictures/profile_picture_83.JPG; sourceTree = "<group>"; };
		389DE0671AEC1D1000BACB29 /* profile_picture_84.JPG */ = {isa = PBXFileReference; lastKnownFileType = image.jpeg; name = profile_picture_84.JPG; path = Profile_pictures/profile_picture_84.JPG; sourceTree = "<group>"; };
		389DE0681AEC1D1000BACB29 /* profile_picture_85.JPG */ = {isa = PBXFileReference; lastKnownFileType = image.jpeg; name = profile_picture_85.JPG; path = Profile_pictures/profile_picture_85.JPG; sourceTree = "<group>"; };
		389DE0691AEC1D1000BACB29 /* profile_picture_86.JPG */ = {isa = PBXFileReference; lastKnownFileType = image.jpeg; name = profile_picture_86.JPG; path = Profile_pictures/profile_picture_86.JPG; sourceTree = "<group>"; };
		389DE06A1AEC1D1000BACB29 /* profile_picture_87.JPG */ = {isa = PBXFileReference; lastKnownFileType = image.jpeg; name = profile_picture_87.JPG; path = Profile_pictures/profile_picture_87.JPG; sourceTree = "<group>"; };
		389DE06B1AEC1D1000BACB29 /* profile_picture_88.JPG */ = {isa = PBXFileReference; lastKnownFileType = image.jpeg; name = profile_picture_88.JPG; path = Profile_pictures/profile_picture_88.JPG; sourceTree = "<group>"; };
		389DE06C1AEC1D1000BACB29 /* profile_picture_89.JPG */ = {isa = PBXFileReference; lastKnownFileType = image.jpeg; name = profile_picture_89.JPG; path = Profile_pictures/profile_picture_89.JPG; sourceTree = "<group>"; };
		389DE06D1AEC1D1000BACB29 /* profile_picture_90.JPG */ = {isa = PBXFileReference; lastKnownFileType = image.jpeg; name = profile_picture_90.JPG; path = Profile_pictures/profile_picture_90.JPG; sourceTree = "<group>"; };
		389DE06E1AEC1D1000BACB29 /* profile_picture_91.JPG */ = {isa = PBXFileReference; lastKnownFileType = image.jpeg; name = profile_picture_91.JPG; path = Profile_pictures/profile_picture_91.JPG; sourceTree = "<group>"; };
		389DE06F1AEC1D1000BACB29 /* profile_picture_92.JPG */ = {isa = PBXFileReference; lastKnownFileType = image.jpeg; name = profile_picture_92.JPG; path = Profile_pictures/profile_picture_92.JPG; sourceTree = "<group>"; };
		389DE0701AEC1D1000BACB29 /* profile_picture_93.JPG */ = {isa = PBXFileReference; lastKnownFileType = image.jpeg; name = profile_picture_93.JPG; path = Profile_pictures/profile_picture_93.JPG; sourceTree = "<group>"; };
		389DE0711AEC1D1000BACB29 /* profile_picture_94.JPG */ = {isa = PBXFileReference; lastKnownFileType = image.jpeg; name = profile_picture_94.JPG; path = Profile_pictures/profile_picture_94.JPG; sourceTree = "<group>"; };
		389DE0721AEC1D1000BACB29 /* profile_picture_95.JPG */ = {isa = PBXFileReference; lastKnownFileType = image.jpeg; name = profile_picture_95.JPG; path = Profile_pictures/profile_picture_95.JPG; sourceTree = "<group>"; };
		389DE0731AEC1D1000BACB29 /* profile_picture_96.JPG */ = {isa = PBXFileReference; lastKnownFileType = image.jpeg; name = profile_picture_96.JPG; path = Profile_pictures/profile_picture_96.JPG; sourceTree = "<group>"; };
		389DE0741AEC1D1000BACB29 /* profile_picture_97.JPG */ = {isa = PBXFileReference; lastKnownFileType = image.jpeg; name = profile_picture_97.JPG; path = Profile_pictures/profile_picture_97.JPG; sourceTree = "<group>"; };
		389DE0751AEC1D1000BACB29 /* profile_picture_98.JPG */ = {isa = PBXFileReference; lastKnownFileType = image.jpeg; name = profile_picture_98.JPG; path = Profile_pictures/profile_picture_98.JPG; sourceTree = "<group>"; };
		389DE0761AEC1D1000BACB29 /* profile_picture_99.JPG */ = {isa = PBXFileReference; lastKnownFileType = image.jpeg; name = profile_picture_99.JPG; path = Profile_pictures/profile_picture_99.JPG; sourceTree = "<group>"; };
		389DE0771AEC1D1000BACB29 /* profile_picture_100.JPG */ = {isa = PBXFileReference; lastKnownFileType = image.jpeg; name = profile_picture_100.JPG; path = Profile_pictures/profile_picture_100.JPG; sourceTree = "<group>"; };
		389DE0781AEC1D1000BACB29 /* profile_picture_101.JPG */ = {isa = PBXFileReference; lastKnownFileType = image.jpeg; name = profile_picture_101.JPG; path = Profile_pictures/profile_picture_101.JPG; sourceTree = "<group>"; };
		389DE0791AEC1D1000BACB29 /* profile_picture_102.JPG */ = {isa = PBXFileReference; lastKnownFileType = image.jpeg; name = profile_picture_102.JPG; path = Profile_pictures/profile_picture_102.JPG; sourceTree = "<group>"; };
		389DE07A1AEC1D1000BACB29 /* profile_picture_103.JPG */ = {isa = PBXFileReference; lastKnownFileType = image.jpeg; name = profile_picture_103.JPG; path = Profile_pictures/profile_picture_103.JPG; sourceTree = "<group>"; };
		389DE07B1AEC1D1000BACB29 /* profile_picture_104.JPG */ = {isa = PBXFileReference; lastKnownFileType = image.jpeg; name = profile_picture_104.JPG; path = Profile_pictures/profile_picture_104.JPG; sourceTree = "<group>"; };
		389DE07C1AEC1D1000BACB29 /* profile_picture_105.JPG */ = {isa = PBXFileReference; lastKnownFileType = image.jpeg; name = profile_picture_105.JPG; path = Profile_pictures/profile_picture_105.JPG; sourceTree = "<group>"; };
		389DE07D1AEC1D1000BACB29 /* profile_picture_106.JPG */ = {isa = PBXFileReference; lastKnownFileType = image.jpeg; name = profile_picture_106.JPG; path = Profile_pictures/profile_picture_106.JPG; sourceTree = "<group>"; };
		389DE07E1AEC1D1000BACB29 /* profile_picture_107.JPG */ = {isa = PBXFileReference; lastKnownFileType = image.jpeg; name = profile_picture_107.JPG; path = Profile_pictures/profile_picture_107.JPG; sourceTree = "<group>"; };
		389DE07F1AEC1D1000BACB29 /* profile_picture_108.JPG */ = {isa = PBXFileReference; lastKnownFileType = image.jpeg; name = profile_picture_108.JPG; path = Profile_pictures/profile_picture_108.JPG; sourceTree = "<group>"; };
		389DE0801AEC1D1000BACB29 /* profile_picture_109.JPG */ = {isa = PBXFileReference; lastKnownFileType = image.jpeg; name = profile_picture_109.JPG; path = Profile_pictures/profile_picture_109.JPG; sourceTree = "<group>"; };
		389DE0811AEC1D1000BACB29 /* profile_picture_110.JPG */ = {isa = PBXFileReference; lastKnownFileType = image.jpeg; name = profile_picture_110.JPG; path = Profile_pictures/profile_picture_110.JPG; sourceTree = "<group>"; };
		389DE0821AEC1D1000BACB29 /* profile_picture_111.JPG */ = {isa = PBXFileReference; lastKnownFileType = image.jpeg; name = profile_picture_111.JPG; path = Profile_pictures/profile_picture_111.JPG; sourceTree = "<group>"; };
		389DE0831AEC1D1000BACB29 /* profile_picture_112.JPG */ = {isa = PBXFileReference; lastKnownFileType = image.jpeg; name = profile_picture_112.JPG; path = Profile_pictures/profile_picture_112.JPG; sourceTree = "<group>"; };
		389DE0841AEC1D1000BACB29 /* profile_picture_113.JPG */ = {isa = PBXFileReference; lastKnownFileType = image.jpeg; name = profile_picture_113.JPG; path = Profile_pictures/profile_picture_113.JPG; sourceTree = "<group>"; };
		389DE0851AEC1D1000BACB29 /* profile_picture_114.JPG */ = {isa = PBXFileReference; lastKnownFileType = image.jpeg; name = profile_picture_114.JPG; path = Profile_pictures/profile_picture_114.JPG; sourceTree = "<group>"; };
		389DE0861AEC1D1000BACB29 /* profile_picture_115.JPG */ = {isa = PBXFileReference; lastKnownFileType = image.jpeg; name = profile_picture_115.JPG; path = Profile_pictures/profile_picture_115.JPG; sourceTree = "<group>"; };
		389DE0871AEC1D1000BACB29 /* profile_picture_116.JPG */ = {isa = PBXFileReference; lastKnownFileType = image.jpeg; name = profile_picture_116.JPG; path = Profile_pictures/profile_picture_116.JPG; sourceTree = "<group>"; };
		389DE0881AEC1D1000BACB29 /* profile_picture_117.JPG */ = {isa = PBXFileReference; lastKnownFileType = image.jpeg; name = profile_picture_117.JPG; path = Profile_pictures/profile_picture_117.JPG; sourceTree = "<group>"; };
		389DE0891AEC1D1000BACB29 /* profile_picture_118.JPG */ = {isa = PBXFileReference; lastKnownFileType = image.jpeg; name = profile_picture_118.JPG; path = Profile_pictures/profile_picture_118.JPG; sourceTree = "<group>"; };
		389DE08A1AEC1D1000BACB29 /* profile_picture_119.JPG */ = {isa = PBXFileReference; lastKnownFileType = image.jpeg; name = profile_picture_119.JPG; path = Profile_pictures/profile_picture_119.JPG; sourceTree = "<group>"; };
		389DE08B1AEC1D1000BACB29 /* profile_picture_120.JPG */ = {isa = PBXFileReference; lastKnownFileType = image.jpeg; name = profile_picture_120.JPG; path = Profile_pictures/profile_picture_120.JPG; sourceTree = "<group>"; };
		389DE08C1AEC1D1000BACB29 /* profile_picture_121.JPG */ = {isa = PBXFileReference; lastKnownFileType = image.jpeg; name = profile_picture_121.JPG; path = Profile_pictures/profile_picture_121.JPG; sourceTree = "<group>"; };
		389DE08D1AEC1D1000BACB29 /* profile_picture_122.JPG */ = {isa = PBXFileReference; lastKnownFileType = image.jpeg; name = profile_picture_122.JPG; path = Profile_pictures/profile_picture_122.JPG; sourceTree = "<group>"; };
		389DE08E1AEC1D1000BACB29 /* profile_picture_123.JPG */ = {isa = PBXFileReference; lastKnownFileType = image.jpeg; name = profile_picture_123.JPG; path = Profile_pictures/profile_picture_123.JPG; sourceTree = "<group>"; };
		389DE08F1AEC1D1000BACB29 /* profile_picture_124.JPG */ = {isa = PBXFileReference; lastKnownFileType = image.jpeg; name = profile_picture_124.JPG; path = Profile_pictures/profile_picture_124.JPG; sourceTree = "<group>"; };
		389DE0901AEC1D1000BACB29 /* profile_picture_125.JPG */ = {isa = PBXFileReference; lastKnownFileType = image.jpeg; name = profile_picture_125.JPG; path = Profile_pictures/profile_picture_125.JPG; sourceTree = "<group>"; };
		389DE0911AEC1D1000BACB29 /* profile_picture_126.JPG */ = {isa = PBXFileReference; lastKnownFileType = image.jpeg; name = profile_picture_126.JPG; path = Profile_pictures/profile_picture_126.JPG; sourceTree = "<group>"; };
		389DE0921AEC1D1000BACB29 /* profile_picture_127.JPG */ = {isa = PBXFileReference; lastKnownFileType = image.jpeg; name = profile_picture_127.JPG; path = Profile_pictures/profile_picture_127.JPG; sourceTree = "<group>"; };
		389DE0931AEC1D1000BACB29 /* profile_picture_128.JPG */ = {isa = PBXFileReference; lastKnownFileType = image.jpeg; name = profile_picture_128.JPG; path = Profile_pictures/profile_picture_128.JPG; sourceTree = "<group>"; };
		389DE0941AEC1D1000BACB29 /* profile_picture_129.JPG */ = {isa = PBXFileReference; lastKnownFileType = image.jpeg; name = profile_picture_129.JPG; path = Profile_pictures/profile_picture_129.JPG; sourceTree = "<group>"; };
		389DE0951AEC1D1000BACB29 /* profile_picture_130.JPG */ = {isa = PBXFileReference; lastKnownFileType = image.jpeg; name = profile_picture_130.JPG; path = Profile_pictures/profile_picture_130.JPG; sourceTree = "<group>"; };
		389DE1141AEC1D6200BACB29 /* profile_picture_0.JPG */ = {isa = PBXFileReference; lastKnownFileType = image.jpeg; name = profile_picture_0.JPG; path = Profile_pictures/profile_picture_0.JPG; sourceTree = "<group>"; };
		389DE1151AEC1D6200BACB29 /* profile_picture_1.JPG */ = {isa = PBXFileReference; lastKnownFileType = image.jpeg; name = profile_picture_1.JPG; path = Profile_pictures/profile_picture_1.JPG; sourceTree = "<group>"; };
		389DE1161AEC1D6200BACB29 /* profile_picture_2.JPG */ = {isa = PBXFileReference; lastKnownFileType = image.jpeg; name = profile_picture_2.JPG; path = Profile_pictures/profile_picture_2.JPG; sourceTree = "<group>"; };
		389DE1171AEC1D6200BACB29 /* profile_picture_4.JPG */ = {isa = PBXFileReference; lastKnownFileType = image.jpeg; name = profile_picture_4.JPG; path = Profile_pictures/profile_picture_4.JPG; sourceTree = "<group>"; };
		389DE11C1AEC1D8D00BACB29 /* profile_picture_3.JPG */ = {isa = PBXFileReference; lastKnownFileType = image.jpeg; name = profile_picture_3.JPG; path = Profile_pictures/profile_picture_3.JPG; sourceTree = "<group>"; };
/* End PBXFileReference section */

/* Begin PBXFrameworksBuildPhase section */
		3887061A1ADD506500B953CC /* Frameworks */ = {
			isa = PBXFrameworksBuildPhase;
			buildActionMask = 2147483647;
			files = (
			);
			runOnlyForDeploymentPostprocessing = 0;
		};
		3887062F1ADD506600B953CC /* Frameworks */ = {
			isa = PBXFrameworksBuildPhase;
			buildActionMask = 2147483647;
			files = (
			);
			runOnlyForDeploymentPostprocessing = 0;
		};
/* End PBXFrameworksBuildPhase section */

/* Begin PBXGroup section */
		388706141ADD506500B953CC = {
			isa = PBXGroup;
			children = (
				3887061F1ADD506600B953CC /* Matheus_Cavalca */,
				388706351ADD506600B953CC /* WWDCScolarshipTests */,
				3887061E1ADD506600B953CC /* Products */,
			);
			sourceTree = "<group>";
		};
		3887061E1ADD506600B953CC /* Products */ = {
			isa = PBXGroup;
			children = (
				3887061D1ADD506600B953CC /* Matheus_Cavalca.app */,
				388706321ADD506600B953CC /* Matheus_CavalcaTests.xctest */,
			);
			name = Products;
			sourceTree = "<group>";
		};
		3887061F1ADD506600B953CC /* Matheus_Cavalca */ = {
			isa = PBXGroup;
			children = (
				388706221ADD506600B953CC /* AppDelegate.swift */,
				388706241ADD506600B953CC /* ViewController.swift */,
				3892D5301ADDA10300EA8578 /* Settings.swift */,
				3821DCC31ADFF01A00E1E6E3 /* HeaderView.swift */,
				3892D5231ADD727300EA8578 /* DefaultAppView.swift */,
				38165C6E1AE08C7400E33EC7 /* DefaultInformationView.swift */,
				380CE38B1AE16285003921FA /* FutureView.swift */,
				388706261ADD506600B953CC /* Main.storyboard */,
				388706291ADD506600B953CC /* Images.xcassets */,
				3892D52F1ADD9F2A00EA8578 /* Panels */,
				388706201ADD506600B953CC /* Supporting Files */,
			);
			name = Matheus_Cavalca;
			path = WWDCScolarship;
			sourceTree = "<group>";
		};
		388706201ADD506600B953CC /* Supporting Files */ = {
			isa = PBXGroup;
			children = (
				389DE0171AEC1CFD00BACB29 /* Profile_pictures */,
				388706211ADD506600B953CC /* Info.plist */,
			);
			name = "Supporting Files";
			sourceTree = "<group>";
		};
		388706351ADD506600B953CC /* WWDCScolarshipTests */ = {
			isa = PBXGroup;
			children = (
				388706381ADD506600B953CC /* WWDCScolarshipTests.swift */,
				388706361ADD506600B953CC /* Supporting Files */,
			);
			path = WWDCScolarshipTests;
			sourceTree = "<group>";
		};
		388706361ADD506600B953CC /* Supporting Files */ = {
			isa = PBXGroup;
			children = (
				388706371ADD506600B953CC /* Info.plist */,
			);
			name = "Supporting Files";
			sourceTree = "<group>";
		};
		3892D52F1ADD9F2A00EA8578 /* Panels */ = {
			isa = PBXGroup;
			children = (
				38165C6C1AE08AE500E33EC7 /* ImportantBackgroundsView.xib */,
				38291E5D1AE094240049F1B3 /* InterestsView.xib */,
				380A1C371AE69E1800A573DE /* SkillsView.xib */,
				3892D5271ADD737A00EA8578 /* IdealBeerAppView.xib */,
				3892D5291ADD738500EA8578 /* AddictingBoxAppView.xib */,
				3892D52D1ADD739D00EA8578 /* IdoneAppView.xib */,
				3892D52B1ADD739400EA8578 /* WhadgetAppView.xib */,
				3892D5251ADD728F00EA8578 /* VolkyAppView.xib */,
				380CE3891AE16115003921FA /* FutureView.xib */,
			);
			name = Panels;
			sourceTree = "<group>";
		};
		389DE0171AEC1CFD00BACB29 /* Profile_pictures */ = {
			isa = PBXGroup;
			children = (
				389DE1141AEC1D6200BACB29 /* profile_picture_0.JPG */,
				389DE1151AEC1D6200BACB29 /* profile_picture_1.JPG */,
				389DE1161AEC1D6200BACB29 /* profile_picture_2.JPG */,
				389DE11C1AEC1D8D00BACB29 /* profile_picture_3.JPG */,
				389DE1171AEC1D6200BACB29 /* profile_picture_4.JPG */,
				389DE0181AEC1D1000BACB29 /* profile_picture_5.JPG */,
				389DE0191AEC1D1000BACB29 /* profile_picture_6.JPG */,
				389DE01A1AEC1D1000BACB29 /* profile_picture_7.JPG */,
				389DE01B1AEC1D1000BACB29 /* profile_picture_8.JPG */,
				389DE01C1AEC1D1000BACB29 /* profile_picture_9.JPG */,
				389DE01D1AEC1D1000BACB29 /* profile_picture_10.JPG */,
				389DE01E1AEC1D1000BACB29 /* profile_picture_11.JPG */,
				389DE01F1AEC1D1000BACB29 /* profile_picture_12.JPG */,
				389DE0201AEC1D1000BACB29 /* profile_picture_13.JPG */,
				389DE0211AEC1D1000BACB29 /* profile_picture_14.JPG */,
				389DE0221AEC1D1000BACB29 /* profile_picture_15.JPG */,
				389DE0231AEC1D1000BACB29 /* profile_picture_16.JPG */,
				389DE0241AEC1D1000BACB29 /* profile_picture_17.JPG */,
				389DE0251AEC1D1000BACB29 /* profile_picture_18.JPG */,
				389DE0261AEC1D1000BACB29 /* profile_picture_19.JPG */,
				389DE0271AEC1D1000BACB29 /* profile_picture_20.JPG */,
				389DE0281AEC1D1000BACB29 /* profile_picture_21.JPG */,
				389DE0291AEC1D1000BACB29 /* profile_picture_22.JPG */,
				389DE02A1AEC1D1000BACB29 /* profile_picture_23.JPG */,
				389DE02B1AEC1D1000BACB29 /* profile_picture_24.JPG */,
				389DE02C1AEC1D1000BACB29 /* profile_picture_25.JPG */,
				389DE02D1AEC1D1000BACB29 /* profile_picture_26.JPG */,
				389DE02E1AEC1D1000BACB29 /* profile_picture_27.JPG */,
				389DE02F1AEC1D1000BACB29 /* profile_picture_28.JPG */,
				389DE0301AEC1D1000BACB29 /* profile_picture_29.JPG */,
				389DE0311AEC1D1000BACB29 /* profile_picture_30.JPG */,
				389DE0321AEC1D1000BACB29 /* profile_picture_31.JPG */,
				389DE0331AEC1D1000BACB29 /* profile_picture_32.JPG */,
				389DE0341AEC1D1000BACB29 /* profile_picture_33.JPG */,
				389DE0351AEC1D1000BACB29 /* profile_picture_34.JPG */,
				389DE0361AEC1D1000BACB29 /* profile_picture_35.JPG */,
				389DE0371AEC1D1000BACB29 /* profile_picture_36.JPG */,
				389DE0381AEC1D1000BACB29 /* profile_picture_37.JPG */,
				389DE0391AEC1D1000BACB29 /* profile_picture_38.JPG */,
				389DE03A1AEC1D1000BACB29 /* profile_picture_39.JPG */,
				389DE03B1AEC1D1000BACB29 /* profile_picture_40.JPG */,
				389DE03C1AEC1D1000BACB29 /* profile_picture_41.JPG */,
				389DE03D1AEC1D1000BACB29 /* profile_picture_42.JPG */,
				389DE03E1AEC1D1000BACB29 /* profile_picture_43.JPG */,
				389DE03F1AEC1D1000BACB29 /* profile_picture_44.JPG */,
				389DE0401AEC1D1000BACB29 /* profile_picture_45.JPG */,
				389DE0411AEC1D1000BACB29 /* profile_picture_46.JPG */,
				389DE0421AEC1D1000BACB29 /* profile_picture_47.JPG */,
				389DE0431AEC1D1000BACB29 /* profile_picture_48.JPG */,
				389DE0441AEC1D1000BACB29 /* profile_picture_49.JPG */,
				389DE0451AEC1D1000BACB29 /* profile_picture_50.JPG */,
				389DE0461AEC1D1000BACB29 /* profile_picture_51.JPG */,
				389DE0471AEC1D1000BACB29 /* profile_picture_52.JPG */,
				389DE0481AEC1D1000BACB29 /* profile_picture_53.JPG */,
				389DE0491AEC1D1000BACB29 /* profile_picture_54.JPG */,
				389DE04A1AEC1D1000BACB29 /* profile_picture_55.JPG */,
				389DE04B1AEC1D1000BACB29 /* profile_picture_56.JPG */,
				389DE04C1AEC1D1000BACB29 /* profile_picture_57.JPG */,
				389DE04D1AEC1D1000BACB29 /* profile_picture_58.JPG */,
				389DE04E1AEC1D1000BACB29 /* profile_picture_59.JPG */,
				389DE04F1AEC1D1000BACB29 /* profile_picture_60.JPG */,
				389DE0501AEC1D1000BACB29 /* profile_picture_61.JPG */,
				389DE0511AEC1D1000BACB29 /* profile_picture_62.JPG */,
				389DE0521AEC1D1000BACB29 /* profile_picture_63.JPG */,
				389DE0531AEC1D1000BACB29 /* profile_picture_64.JPG */,
				389DE0541AEC1D1000BACB29 /* profile_picture_65.JPG */,
				389DE0551AEC1D1000BACB29 /* profile_picture_66.JPG */,
				389DE0561AEC1D1000BACB29 /* profile_picture_67.JPG */,
				389DE0571AEC1D1000BACB29 /* profile_picture_68.JPG */,
				389DE0581AEC1D1000BACB29 /* profile_picture_69.JPG */,
				389DE0591AEC1D1000BACB29 /* profile_picture_70.JPG */,
				389DE05A1AEC1D1000BACB29 /* profile_picture_71.JPG */,
				389DE05B1AEC1D1000BACB29 /* profile_picture_72.JPG */,
				389DE05C1AEC1D1000BACB29 /* profile_picture_73.JPG */,
				389DE05D1AEC1D1000BACB29 /* profile_picture_74.JPG */,
				389DE05E1AEC1D1000BACB29 /* profile_picture_75.JPG */,
				389DE05F1AEC1D1000BACB29 /* profile_picture_76.JPG */,
				389DE0601AEC1D1000BACB29 /* profile_picture_77.JPG */,
				389DE0611AEC1D1000BACB29 /* profile_picture_78.JPG */,
				389DE0621AEC1D1000BACB29 /* profile_picture_79.JPG */,
				389DE0631AEC1D1000BACB29 /* profile_picture_80.JPG */,
				389DE0641AEC1D1000BACB29 /* profile_picture_81.JPG */,
				389DE0651AEC1D1000BACB29 /* profile_picture_82.JPG */,
				389DE0661AEC1D1000BACB29 /* profile_picture_83.JPG */,
				389DE0671AEC1D1000BACB29 /* profile_picture_84.JPG */,
				389DE0681AEC1D1000BACB29 /* profile_picture_85.JPG */,
				389DE0691AEC1D1000BACB29 /* profile_picture_86.JPG */,
				389DE06A1AEC1D1000BACB29 /* profile_picture_87.JPG */,
				389DE06B1AEC1D1000BACB29 /* profile_picture_88.JPG */,
				389DE06C1AEC1D1000BACB29 /* profile_picture_89.JPG */,
				389DE06D1AEC1D1000BACB29 /* profile_picture_90.JPG */,
				389DE06E1AEC1D1000BACB29 /* profile_picture_91.JPG */,
				389DE06F1AEC1D1000BACB29 /* profile_picture_92.JPG */,
				389DE0701AEC1D1000BACB29 /* profile_picture_93.JPG */,
				389DE0711AEC1D1000BACB29 /* profile_picture_94.JPG */,
				389DE0721AEC1D1000BACB29 /* profile_picture_95.JPG */,
				389DE0731AEC1D1000BACB29 /* profile_picture_96.JPG */,
				389DE0741AEC1D1000BACB29 /* profile_picture_97.JPG */,
				389DE0751AEC1D1000BACB29 /* profile_picture_98.JPG */,
				389DE0761AEC1D1000BACB29 /* profile_picture_99.JPG */,
				389DE0771AEC1D1000BACB29 /* profile_picture_100.JPG */,
				389DE0781AEC1D1000BACB29 /* profile_picture_101.JPG */,
				389DE0791AEC1D1000BACB29 /* profile_picture_102.JPG */,
				389DE07A1AEC1D1000BACB29 /* profile_picture_103.JPG */,
				389DE07B1AEC1D1000BACB29 /* profile_picture_104.JPG */,
				389DE07C1AEC1D1000BACB29 /* profile_picture_105.JPG */,
				389DE07D1AEC1D1000BACB29 /* profile_picture_106.JPG */,
				389DE07E1AEC1D1000BACB29 /* profile_picture_107.JPG */,
				389DE07F1AEC1D1000BACB29 /* profile_picture_108.JPG */,
				389DE0801AEC1D1000BACB29 /* profile_picture_109.JPG */,
				389DE0811AEC1D1000BACB29 /* profile_picture_110.JPG */,
				389DE0821AEC1D1000BACB29 /* profile_picture_111.JPG */,
				389DE0831AEC1D1000BACB29 /* profile_picture_112.JPG */,
				389DE0841AEC1D1000BACB29 /* profile_picture_113.JPG */,
				389DE0851AEC1D1000BACB29 /* profile_picture_114.JPG */,
				389DE0861AEC1D1000BACB29 /* profile_picture_115.JPG */,
				389DE0871AEC1D1000BACB29 /* profile_picture_116.JPG */,
				389DE0881AEC1D1000BACB29 /* profile_picture_117.JPG */,
				389DE0891AEC1D1000BACB29 /* profile_picture_118.JPG */,
				389DE08A1AEC1D1000BACB29 /* profile_picture_119.JPG */,
				389DE08B1AEC1D1000BACB29 /* profile_picture_120.JPG */,
				389DE08C1AEC1D1000BACB29 /* profile_picture_121.JPG */,
				389DE08D1AEC1D1000BACB29 /* profile_picture_122.JPG */,
				389DE08E1AEC1D1000BACB29 /* profile_picture_123.JPG */,
				389DE08F1AEC1D1000BACB29 /* profile_picture_124.JPG */,
				389DE0901AEC1D1000BACB29 /* profile_picture_125.JPG */,
				389DE0911AEC1D1000BACB29 /* profile_picture_126.JPG */,
				389DE0921AEC1D1000BACB29 /* profile_picture_127.JPG */,
				389DE0931AEC1D1000BACB29 /* profile_picture_128.JPG */,
				389DE0941AEC1D1000BACB29 /* profile_picture_129.JPG */,
				389DE0951AEC1D1000BACB29 /* profile_picture_130.JPG */,
			);
			name = Profile_pictures;
			sourceTree = "<group>";
		};
/* End PBXGroup section */

/* Begin PBXNativeTarget section */
		3887061C1ADD506500B953CC /* Matheus_Cavalca */ = {
			isa = PBXNativeTarget;
			buildConfigurationList = 3887063C1ADD506600B953CC /* Build configuration list for PBXNativeTarget "Matheus_Cavalca" */;
			buildPhases = (
				388706191ADD506500B953CC /* Sources */,
				3887061A1ADD506500B953CC /* Frameworks */,
				3887061B1ADD506500B953CC /* Resources */,
			);
			buildRules = (
			);
			dependencies = (
			);
			name = Matheus_Cavalca;
			productName = WWDCScolarship;
			productReference = 3887061D1ADD506600B953CC /* Matheus_Cavalca.app */;
			productType = "com.apple.product-type.application";
		};
		388706311ADD506600B953CC /* Matheus_CavalcaTests */ = {
			isa = PBXNativeTarget;
			buildConfigurationList = 3887063F1ADD506600B953CC /* Build configuration list for PBXNativeTarget "Matheus_CavalcaTests" */;
			buildPhases = (
				3887062E1ADD506600B953CC /* Sources */,
				3887062F1ADD506600B953CC /* Frameworks */,
				388706301ADD506600B953CC /* Resources */,
			);
			buildRules = (
			);
			dependencies = (
				388706341ADD506600B953CC /* PBXTargetDependency */,
			);
			name = Matheus_CavalcaTests;
			productName = WWDCScolarshipTests;
			productReference = 388706321ADD506600B953CC /* Matheus_CavalcaTests.xctest */;
			productType = "com.apple.product-type.bundle.unit-test";
		};
/* End PBXNativeTarget section */

/* Begin PBXProject section */
		388706151ADD506500B953CC /* Project object */ = {
			isa = PBXProject;
			attributes = {
				LastUpgradeCheck = 0630;
				ORGANIZATIONNAME = "Matheus Cavalca";
				TargetAttributes = {
					3887061C1ADD506500B953CC = {
						CreatedOnToolsVersion = 6.3;
					};
					388706311ADD506600B953CC = {
						CreatedOnToolsVersion = 6.3;
						TestTargetID = 3887061C1ADD506500B953CC;
					};
				};
			};
			buildConfigurationList = 388706181ADD506500B953CC /* Build configuration list for PBXProject "Matheus_Cavalca" */;
			compatibilityVersion = "Xcode 3.2";
			developmentRegion = English;
			hasScannedForEncodings = 0;
			knownRegions = (
				en,
				Base,
			);
			mainGroup = 388706141ADD506500B953CC;
			productRefGroup = 3887061E1ADD506600B953CC /* Products */;
			projectDirPath = "";
			projectRoot = "";
			targets = (
				3887061C1ADD506500B953CC /* Matheus_Cavalca */,
				388706311ADD506600B953CC /* Matheus_CavalcaTests */,
			);
		};
/* End PBXProject section */

/* Begin PBXResourcesBuildPhase section */
		3887061B1ADD506500B953CC /* Resources */ = {
			isa = PBXResourcesBuildPhase;
			buildActionMask = 2147483647;
			files = (
				389DE0C51AEC1D1000BACB29 /* profile_picture_52.JPG in Resources */,
				389DE0B41AEC1D1000BACB29 /* profile_picture_35.JPG in Resources */,
				389DE0B91AEC1D1000BACB29 /* profile_picture_40.JPG in Resources */,
				389DE1131AEC1D1000BACB29 /* profile_picture_130.JPG in Resources */,
				389DE0FC1AEC1D1000BACB29 /* profile_picture_107.JPG in Resources */,
				389DE09B1AEC1D1000BACB29 /* profile_picture_10.JPG in Resources */,
				389DE10F1AEC1D1000BACB29 /* profile_picture_126.JPG in Resources */,
				389DE0D71AEC1D1000BACB29 /* profile_picture_70.JPG in Resources */,
				389DE1051AEC1D1000BACB29 /* profile_picture_116.JPG in Resources */,
				389DE0961AEC1D1000BACB29 /* profile_picture_5.JPG in Resources */,
				389DE0F41AEC1D1000BACB29 /* profile_picture_99.JPG in Resources */,
				389DE0C11AEC1D1000BACB29 /* profile_picture_48.JPG in Resources */,
				389DE0C21AEC1D1000BACB29 /* profile_picture_49.JPG in Resources */,
				389DE0DF1AEC1D1000BACB29 /* profile_picture_78.JPG in Resources */,
				389DE0E71AEC1D1000BACB29 /* profile_picture_86.JPG in Resources */,
				389DE0F01AEC1D1000BACB29 /* profile_picture_95.JPG in Resources */,
				3892D52E1ADD739D00EA8578 /* IdoneAppView.xib in Resources */,
				389DE0BA1AEC1D1000BACB29 /* profile_picture_41.JPG in Resources */,
				389DE0FB1AEC1D1000BACB29 /* profile_picture_106.JPG in Resources */,
				389DE1071AEC1D1000BACB29 /* profile_picture_118.JPG in Resources */,
				389DE0EC1AEC1D1000BACB29 /* profile_picture_91.JPG in Resources */,
				38165C6D1AE08AE500E33EC7 /* ImportantBackgroundsView.xib in Resources */,
				389DE0E91AEC1D1000BACB29 /* profile_picture_88.JPG in Resources */,
				389DE0F21AEC1D1000BACB29 /* profile_picture_97.JPG in Resources */,
				389DE0A31AEC1D1000BACB29 /* profile_picture_18.JPG in Resources */,
				389DE0F81AEC1D1000BACB29 /* profile_picture_103.JPG in Resources */,
				389DE0D21AEC1D1000BACB29 /* profile_picture_65.JPG in Resources */,
				389DE0FE1AEC1D1000BACB29 /* profile_picture_109.JPG in Resources */,
				389DE1001AEC1D1000BACB29 /* profile_picture_111.JPG in Resources */,
				389DE0B61AEC1D1000BACB29 /* profile_picture_37.JPG in Resources */,
				389DE1041AEC1D1000BACB29 /* profile_picture_115.JPG in Resources */,
				389DE0D11AEC1D1000BACB29 /* profile_picture_64.JPG in Resources */,
				389DE0FA1AEC1D1000BACB29 /* profile_picture_105.JPG in Resources */,
				389DE0BE1AEC1D1000BACB29 /* profile_picture_45.JPG in Resources */,
				389DE0D01AEC1D1000BACB29 /* profile_picture_63.JPG in Resources */,
				389DE0BC1AEC1D1000BACB29 /* profile_picture_43.JPG in Resources */,
				389DE0A91AEC1D1000BACB29 /* profile_picture_24.JPG in Resources */,
				389DE0CE1AEC1D1000BACB29 /* profile_picture_61.JPG in Resources */,
				389DE09E1AEC1D1000BACB29 /* profile_picture_13.JPG in Resources */,
				389DE0CF1AEC1D1000BACB29 /* profile_picture_62.JPG in Resources */,
				389DE0991AEC1D1000BACB29 /* profile_picture_8.JPG in Resources */,
				389DE0E11AEC1D1000BACB29 /* profile_picture_80.JPG in Resources */,
				389DE0ED1AEC1D1000BACB29 /* profile_picture_92.JPG in Resources */,
				389DE0D31AEC1D1000BACB29 /* profile_picture_66.JPG in Resources */,
				38291E5E1AE094240049F1B3 /* InterestsView.xib in Resources */,
				389DE0CD1AEC1D1000BACB29 /* profile_picture_60.JPG in Resources */,
				389DE1091AEC1D1000BACB29 /* profile_picture_120.JPG in Resources */,
				389DE0B11AEC1D1000BACB29 /* profile_picture_32.JPG in Resources */,
				389DE0AD1AEC1D1000BACB29 /* profile_picture_28.JPG in Resources */,
				389DE0D91AEC1D1000BACB29 /* profile_picture_72.JPG in Resources */,
				389DE1031AEC1D1000BACB29 /* profile_picture_114.JPG in Resources */,
				389DE11B1AEC1D6200BACB29 /* profile_picture_4.JPG in Resources */,
				389DE10C1AEC1D1000BACB29 /* profile_picture_123.JPG in Resources */,
				389DE0F51AEC1D1000BACB29 /* profile_picture_100.JPG in Resources */,
				389DE0EA1AEC1D1000BACB29 /* profile_picture_89.JPG in Resources */,
				389DE0FD1AEC1D1000BACB29 /* profile_picture_108.JPG in Resources */,
				389DE10E1AEC1D1000BACB29 /* profile_picture_125.JPG in Resources */,
				388706281ADD506600B953CC /* Main.storyboard in Resources */,
				389DE0A21AEC1D1000BACB29 /* profile_picture_17.JPG in Resources */,
				389DE10D1AEC1D1000BACB29 /* profile_picture_124.JPG in Resources */,
				389DE0E41AEC1D1000BACB29 /* profile_picture_83.JPG in Resources */,
				389DE1011AEC1D1000BACB29 /* profile_picture_112.JPG in Resources */,
				389DE1061AEC1D1000BACB29 /* profile_picture_117.JPG in Resources */,
				389DE1121AEC1D1000BACB29 /* profile_picture_129.JPG in Resources */,
				389DE0E81AEC1D1000BACB29 /* profile_picture_87.JPG in Resources */,
				389DE0E01AEC1D1000BACB29 /* profile_picture_79.JPG in Resources */,
				389DE0971AEC1D1000BACB29 /* profile_picture_6.JPG in Resources */,
				389DE0B81AEC1D1000BACB29 /* profile_picture_39.JPG in Resources */,
				389DE0E61AEC1D1000BACB29 /* profile_picture_85.JPG in Resources */,
				389DE0B21AEC1D1000BACB29 /* profile_picture_33.JPG in Resources */,
				389DE09C1AEC1D1000BACB29 /* profile_picture_11.JPG in Resources */,
				389DE0BF1AEC1D1000BACB29 /* profile_picture_46.JPG in Resources */,
				389DE0A01AEC1D1000BACB29 /* profile_picture_15.JPG in Resources */,
				389DE0981AEC1D1000BACB29 /* profile_picture_7.JPG in Resources */,
				389DE09F1AEC1D1000BACB29 /* profile_picture_14.JPG in Resources */,
				389DE0CC1AEC1D1000BACB29 /* profile_picture_59.JPG in Resources */,
				389DE0D51AEC1D1000BACB29 /* profile_picture_68.JPG in Resources */,
				389DE0EE1AEC1D1000BACB29 /* profile_picture_93.JPG in Resources */,
				389DE0C81AEC1D1000BACB29 /* profile_picture_55.JPG in Resources */,
				389DE09A1AEC1D1000BACB29 /* profile_picture_9.JPG in Resources */,
				389DE09D1AEC1D1000BACB29 /* profile_picture_12.JPG in Resources */,
				389DE1191AEC1D6200BACB29 /* profile_picture_1.JPG in Resources */,
				389DE0AF1AEC1D1000BACB29 /* profile_picture_30.JPG in Resources */,
				389DE0AE1AEC1D1000BACB29 /* profile_picture_29.JPG in Resources */,
				389DE0F91AEC1D1000BACB29 /* profile_picture_104.JPG in Resources */,
				389DE0DE1AEC1D1000BACB29 /* profile_picture_77.JPG in Resources */,
				389DE0F71AEC1D1000BACB29 /* profile_picture_102.JPG in Resources */,
				389DE1081AEC1D1000BACB29 /* profile_picture_119.JPG in Resources */,
				3892D52C1ADD739400EA8578 /* WhadgetAppView.xib in Resources */,
				389DE1101AEC1D1000BACB29 /* profile_picture_127.JPG in Resources */,
				389DE0EB1AEC1D1000BACB29 /* profile_picture_90.JPG in Resources */,
				389DE0C91AEC1D1000BACB29 /* profile_picture_56.JPG in Resources */,
				389DE0DC1AEC1D1000BACB29 /* profile_picture_75.JPG in Resources */,
				389DE0AB1AEC1D1000BACB29 /* profile_picture_26.JPG in Resources */,
				389DE0DB1AEC1D1000BACB29 /* profile_picture_74.JPG in Resources */,
				389DE0B31AEC1D1000BACB29 /* profile_picture_34.JPG in Resources */,
				389DE0FF1AEC1D1000BACB29 /* profile_picture_110.JPG in Resources */,
				3892D52A1ADD738500EA8578 /* AddictingBoxAppView.xib in Resources */,
				389DE0E51AEC1D1000BACB29 /* profile_picture_84.JPG in Resources */,
				389DE0E21AEC1D1000BACB29 /* profile_picture_81.JPG in Resources */,
				389DE0F11AEC1D1000BACB29 /* profile_picture_96.JPG in Resources */,
				389DE0A81AEC1D1000BACB29 /* profile_picture_23.JPG in Resources */,
				389DE0B51AEC1D1000BACB29 /* profile_picture_36.JPG in Resources */,
				389DE0DD1AEC1D1000BACB29 /* profile_picture_76.JPG in Resources */,
				389DE0D61AEC1D1000BACB29 /* profile_picture_69.JPG in Resources */,
				389DE0A51AEC1D1000BACB29 /* profile_picture_20.JPG in Resources */,
				389DE11A1AEC1D6200BACB29 /* profile_picture_2.JPG in Resources */,
				389DE0C41AEC1D1000BACB29 /* profile_picture_51.JPG in Resources */,
				3887062A1ADD506600B953CC /* Images.xcassets in Resources */,
				389DE1111AEC1D1000BACB29 /* profile_picture_128.JPG in Resources */,
				389DE0AA1AEC1D1000BACB29 /* profile_picture_25.JPG in Resources */,
				389DE0DA1AEC1D1000BACB29 /* profile_picture_73.JPG in Resources */,
				389DE10A1AEC1D1000BACB29 /* profile_picture_121.JPG in Resources */,
				380A1C381AE69E1800A573DE /* SkillsView.xib in Resources */,
				389DE1181AEC1D6200BACB29 /* profile_picture_0.JPG in Resources */,
				389DE0F31AEC1D1000BACB29 /* profile_picture_98.JPG in Resources */,
				389DE0D81AEC1D1000BACB29 /* profile_picture_71.JPG in Resources */,
				389DE0C01AEC1D1000BACB29 /* profile_picture_47.JPG in Resources */,
				389DE0A71AEC1D1000BACB29 /* profile_picture_22.JPG in Resources */,
				389DE0B01AEC1D1000BACB29 /* profile_picture_31.JPG in Resources */,
				389DE0C61AEC1D1000BACB29 /* profile_picture_53.JPG in Resources */,
				389DE0BB1AEC1D1000BACB29 /* profile_picture_42.JPG in Resources */,
				389DE1021AEC1D1000BACB29 /* profile_picture_113.JPG in Resources */,
				389DE0AC1AEC1D1000BACB29 /* profile_picture_27.JPG in Resources */,
				389DE0A11AEC1D1000BACB29 /* profile_picture_16.JPG in Resources */,
				389DE0EF1AEC1D1000BACB29 /* profile_picture_94.JPG in Resources */,
				389DE0B71AEC1D1000BACB29 /* profile_picture_38.JPG in Resources */,
				389DE0D41AEC1D1000BACB29 /* profile_picture_67.JPG in Resources */,
				389DE0A61AEC1D1000BACB29 /* profile_picture_21.JPG in Resources */,
				389DE0C71AEC1D1000BACB29 /* profile_picture_54.JPG in Resources */,
				389DE0C31AEC1D1000BACB29 /* profile_picture_50.JPG in Resources */,
				389DE10B1AEC1D1000BACB29 /* profile_picture_122.JPG in Resources */,
				389DE0F61AEC1D1000BACB29 /* profile_picture_101.JPG in Resources */,
				389DE0CB1AEC1D1000BACB29 /* profile_picture_58.JPG in Resources */,
				389DE0A41AEC1D1000BACB29 /* profile_picture_19.JPG in Resources */,
				389DE0E31AEC1D1000BACB29 /* profile_picture_82.JPG in Resources */,
				389DE0BD1AEC1D1000BACB29 /* profile_picture_44.JPG in Resources */,
				389DE0CA1AEC1D1000BACB29 /* profile_picture_57.JPG in Resources */,
				389DE11D1AEC1D8D00BACB29 /* profile_picture_3.JPG in Resources */,
				380CE38A1AE16115003921FA /* FutureView.xib in Resources */,
				3892D5281ADD737A00EA8578 /* IdealBeerAppView.xib in Resources */,
				3892D5261ADD728F00EA8578 /* VolkyAppView.xib in Resources */,
			);
			runOnlyForDeploymentPostprocessing = 0;
		};
		388706301ADD506600B953CC /* Resources */ = {
			isa = PBXResourcesBuildPhase;
			buildActionMask = 2147483647;
			files = (
			);
			runOnlyForDeploymentPostprocessing = 0;
		};
/* End PBXResourcesBuildPhase section */

/* Begin PBXSourcesBuildPhase section */
		388706191ADD506500B953CC /* Sources */ = {
			isa = PBXSourcesBuildPhase;
			buildActionMask = 2147483647;
			files = (
				3821DCC41ADFF01A00E1E6E3 /* HeaderView.swift in Sources */,
				3892D5241ADD727300EA8578 /* DefaultAppView.swift in Sources */,
				388706251ADD506600B953CC /* ViewController.swift in Sources */,
				3892D5311ADDA10300EA8578 /* Settings.swift in Sources */,
				380CE38C1AE16285003921FA /* FutureView.swift in Sources */,
				388706231ADD506600B953CC /* AppDelegate.swift in Sources */,
				38165C6F1AE08C7400E33EC7 /* DefaultInformationView.swift in Sources */,
			);
			runOnlyForDeploymentPostprocessing = 0;
		};
		3887062E1ADD506600B953CC /* Sources */ = {
			isa = PBXSourcesBuildPhase;
			buildActionMask = 2147483647;
			files = (
				388706391ADD506600B953CC /* WWDCScolarshipTests.swift in Sources */,
			);
			runOnlyForDeploymentPostprocessing = 0;
		};
/* End PBXSourcesBuildPhase section */

/* Begin PBXTargetDependency section */
		388706341ADD506600B953CC /* PBXTargetDependency */ = {
			isa = PBXTargetDependency;
			target = 3887061C1ADD506500B953CC /* Matheus_Cavalca */;
			targetProxy = 388706331ADD506600B953CC /* PBXContainerItemProxy */;
		};
/* End PBXTargetDependency section */

/* Begin PBXVariantGroup section */
		388706261ADD506600B953CC /* Main.storyboard */ = {
			isa = PBXVariantGroup;
			children = (
				388706271ADD506600B953CC /* Base */,
			);
			name = Main.storyboard;
			sourceTree = "<group>";
		};
/* End PBXVariantGroup section */

/* Begin XCBuildConfiguration section */
		3887063A1ADD506600B953CC /* Debug */ = {
			isa = XCBuildConfiguration;
			buildSettings = {
				ALWAYS_SEARCH_USER_PATHS = NO;
				CLANG_CXX_LANGUAGE_STANDARD = "gnu++0x";
				CLANG_CXX_LIBRARY = "libc++";
				CLANG_ENABLE_MODULES = YES;
				CLANG_ENABLE_OBJC_ARC = YES;
				CLANG_WARN_BOOL_CONVERSION = YES;
				CLANG_WARN_CONSTANT_CONVERSION = YES;
				CLANG_WARN_DIRECT_OBJC_ISA_USAGE = YES_ERROR;
				CLANG_WARN_EMPTY_BODY = YES;
				CLANG_WARN_ENUM_CONVERSION = YES;
				CLANG_WARN_INT_CONVERSION = YES;
				CLANG_WARN_OBJC_ROOT_CLASS = YES_ERROR;
				CLANG_WARN_UNREACHABLE_CODE = YES;
				CLANG_WARN__DUPLICATE_METHOD_MATCH = YES;
				CODE_SIGN_IDENTITY = "iPhone Distribution";
				"CODE_SIGN_IDENTITY[sdk=iphoneos*]" = "iPhone Distribution";
				COPY_PHASE_STRIP = NO;
				DEBUG_INFORMATION_FORMAT = "dwarf-with-dsym";
				ENABLE_STRICT_OBJC_MSGSEND = YES;
				GCC_C_LANGUAGE_STANDARD = gnu99;
				GCC_DYNAMIC_NO_PIC = NO;
				GCC_NO_COMMON_BLOCKS = YES;
				GCC_OPTIMIZATION_LEVEL = 0;
				GCC_PREPROCESSOR_DEFINITIONS = (
					"DEBUG=1",
					"$(inherited)",
				);
				GCC_SYMBOLS_PRIVATE_EXTERN = NO;
				GCC_WARN_64_TO_32_BIT_CONVERSION = YES;
				GCC_WARN_ABOUT_RETURN_TYPE = YES_ERROR;
				GCC_WARN_UNDECLARED_SELECTOR = YES;
				GCC_WARN_UNINITIALIZED_AUTOS = YES_AGGRESSIVE;
				GCC_WARN_UNUSED_FUNCTION = YES;
				GCC_WARN_UNUSED_VARIABLE = YES;
				IPHONEOS_DEPLOYMENT_TARGET = 8.3;
				MTL_ENABLE_DEBUG_INFO = YES;
				ONLY_ACTIVE_ARCH = YES;
				SDKROOT = iphoneos;
				SWIFT_OPTIMIZATION_LEVEL = "-Onone";
				TARGETED_DEVICE_FAMILY = 2;
			};
			name = Debug;
		};
		3887063B1ADD506600B953CC /* Release */ = {
			isa = XCBuildConfiguration;
			buildSettings = {
				ALWAYS_SEARCH_USER_PATHS = NO;
				CLANG_CXX_LANGUAGE_STANDARD = "gnu++0x";
				CLANG_CXX_LIBRARY = "libc++";
				CLANG_ENABLE_MODULES = YES;
				CLANG_ENABLE_OBJC_ARC = YES;
				CLANG_WARN_BOOL_CONVERSION = YES;
				CLANG_WARN_CONSTANT_CONVERSION = YES;
				CLANG_WARN_DIRECT_OBJC_ISA_USAGE = YES_ERROR;
				CLANG_WARN_EMPTY_BODY = YES;
				CLANG_WARN_ENUM_CONVERSION = YES;
				CLANG_WARN_INT_CONVERSION = YES;
				CLANG_WARN_OBJC_ROOT_CLASS = YES_ERROR;
				CLANG_WARN_UNREACHABLE_CODE = YES;
				CLANG_WARN__DUPLICATE_METHOD_MATCH = YES;
				CODE_SIGN_IDENTITY = "iPhone Distribution";
				"CODE_SIGN_IDENTITY[sdk=iphoneos*]" = "iPhone Distribution";
				COPY_PHASE_STRIP = NO;
				DEBUG_INFORMATION_FORMAT = "dwarf-with-dsym";
				ENABLE_NS_ASSERTIONS = NO;
				ENABLE_STRICT_OBJC_MSGSEND = YES;
				GCC_C_LANGUAGE_STANDARD = gnu99;
				GCC_NO_COMMON_BLOCKS = YES;
				GCC_WARN_64_TO_32_BIT_CONVERSION = YES;
				GCC_WARN_ABOUT_RETURN_TYPE = YES_ERROR;
				GCC_WARN_UNDECLARED_SELECTOR = YES;
				GCC_WARN_UNINITIALIZED_AUTOS = YES_AGGRESSIVE;
				GCC_WARN_UNUSED_FUNCTION = YES;
				GCC_WARN_UNUSED_VARIABLE = YES;
				IPHONEOS_DEPLOYMENT_TARGET = 8.3;
				MTL_ENABLE_DEBUG_INFO = NO;
				SDKROOT = iphoneos;
				TARGETED_DEVICE_FAMILY = 2;
				VALIDATE_PRODUCT = YES;
			};
			name = Release;
		};
		3887063D1ADD506600B953CC /* Debug */ = {
			isa = XCBuildConfiguration;
			buildSettings = {
				ASSETCATALOG_COMPILER_APPICON_NAME = AppIcon;
				CODE_SIGN_IDENTITY = "iPhone Developer";
				INFOPLIST_FILE = WWDCScolarship/Info.plist;
				IPHONEOS_DEPLOYMENT_TARGET = 8.0;
				LD_RUNPATH_SEARCH_PATHS = "$(inherited) @executable_path/Frameworks";
				PRODUCT_NAME = "$(TARGET_NAME)";
			};
			name = Debug;
		};
		3887063E1ADD506600B953CC /* Release */ = {
			isa = XCBuildConfiguration;
			buildSettings = {
				ASSETCATALOG_COMPILER_APPICON_NAME = AppIcon;
				CODE_SIGN_IDENTITY = "iPhone Developer";
				INFOPLIST_FILE = WWDCScolarship/Info.plist;
				IPHONEOS_DEPLOYMENT_TARGET = 8.0;
				LD_RUNPATH_SEARCH_PATHS = "$(inherited) @executable_path/Frameworks";
				PRODUCT_NAME = "$(TARGET_NAME)";
			};
			name = Release;
		};
		388706401ADD506600B953CC /* Debug */ = {
			isa = XCBuildConfiguration;
			buildSettings = {
				BUNDLE_LOADER = "$(TEST_HOST)";
				FRAMEWORK_SEARCH_PATHS = (
					"$(SDKROOT)/Developer/Library/Frameworks",
					"$(inherited)",
				);
				GCC_PREPROCESSOR_DEFINITIONS = (
					"DEBUG=1",
					"$(inherited)",
				);
				INFOPLIST_FILE = WWDCScolarshipTests/Info.plist;
				LD_RUNPATH_SEARCH_PATHS = "$(inherited) @executable_path/Frameworks @loader_path/Frameworks";
				PRODUCT_NAME = "$(TARGET_NAME)";
				TEST_HOST = "$(BUILT_PRODUCTS_DIR)/WWDCScolarship.app/WWDCScolarship";
			};
			name = Debug;
		};
		388706411ADD506600B953CC /* Release */ = {
			isa = XCBuildConfiguration;
			buildSettings = {
				BUNDLE_LOADER = "$(TEST_HOST)";
				FRAMEWORK_SEARCH_PATHS = (
					"$(SDKROOT)/Developer/Library/Frameworks",
					"$(inherited)",
				);
				INFOPLIST_FILE = WWDCScolarshipTests/Info.plist;
				LD_RUNPATH_SEARCH_PATHS = "$(inherited) @executable_path/Frameworks @loader_path/Frameworks";
				PRODUCT_NAME = "$(TARGET_NAME)";
				TEST_HOST = "$(BUILT_PRODUCTS_DIR)/WWDCScolarship.app/WWDCScolarship";
			};
			name = Release;
		};
/* End XCBuildConfiguration section */

/* Begin XCConfigurationList section */
		388706181ADD506500B953CC /* Build configuration list for PBXProject "Matheus_Cavalca" */ = {
			isa = XCConfigurationList;
			buildConfigurations = (
				3887063A1ADD506600B953CC /* Debug */,
				3887063B1ADD506600B953CC /* Release */,
			);
			defaultConfigurationIsVisible = 0;
			defaultConfigurationName = Release;
		};
		3887063C1ADD506600B953CC /* Build configuration list for PBXNativeTarget "Matheus_Cavalca" */ = {
			isa = XCConfigurationList;
			buildConfigurations = (
				3887063D1ADD506600B953CC /* Debug */,
				3887063E1ADD506600B953CC /* Release */,
			);
			defaultConfigurationIsVisible = 0;
			defaultConfigurationName = Release;
		};
		3887063F1ADD506600B953CC /* Build configuration list for PBXNativeTarget "Matheus_CavalcaTests" */ = {
			isa = XCConfigurationList;
			buildConfigurations = (
				388706401ADD506600B953CC /* Debug */,
				388706411ADD506600B953CC /* Release */,
			);
			defaultConfigurationIsVisible = 0;
			defaultConfigurationName = Release;
		};
/* End XCConfigurationList section */
	};
	rootObject = 388706151ADD506500B953CC /* Project object */;
}
